// !$*UTF8*$!
{
	archiveVersion = 1;
	classes = {
	};
	objectVersion = 46;
	objects = {

/* Begin PBXBuildFile section */
		6B0D66B818A86F900093FE74 /* JWCCollectionViewFooterContactTypeChooser.m in Sources */ = {isa = PBXBuildFile; fileRef = 6B0D66B718A86F900093FE74 /* JWCCollectionViewFooterContactTypeChooser.m */; };
		6B0E1E6F18A9591D00883982 /* JWCCollectionViewCellAnswerProofQuestions.m in Sources */ = {isa = PBXBuildFile; fileRef = 6B0E1E6E18A9591D00883982 /* JWCCollectionViewCellAnswerProofQuestions.m */; };
		6B0E1E7318A95C0C00883982 /* JWCCollectionViewDataSourceProofQuestions.m in Sources */ = {isa = PBXBuildFile; fileRef = 6B0E1E7218A95C0C00883982 /* JWCCollectionViewDataSourceProofQuestions.m */; };
		6B0E707F18A6E45C002B249D /* iPhone5_2@2x.png in Resources */ = {isa = PBXBuildFile; fileRef = 6B0E707E18A6E45C002B249D /* iPhone5_2@2x.png */; };
		6B0E708118A6E8AF002B249D /* iPhone5_18@2x.png in Resources */ = {isa = PBXBuildFile; fileRef = 6B0E708018A6E8AF002B249D /* iPhone5_18@2x.png */; };
		6B0E708318A6EE7A002B249D /* Circle.png in Resources */ = {isa = PBXBuildFile; fileRef = 6B0E708218A6EE7A002B249D /* Circle.png */; };
		6B0E708618A6F2EC002B249D /* iPhone5_18flipped@2x.png in Resources */ = {isa = PBXBuildFile; fileRef = 6B0E708418A6F2EC002B249D /* iPhone5_18flipped@2x.png */; };
		6B0E708718A6F2EC002B249D /* iPhone5_18landscape@2x.png in Resources */ = {isa = PBXBuildFile; fileRef = 6B0E708518A6F2EC002B249D /* iPhone5_18landscape@2x.png */; };
		6B0E708918A6FEF9002B249D /* iPhone5_18landscapeflipped@2x.png in Resources */ = {isa = PBXBuildFile; fileRef = 6B0E708818A6FEF9002B249D /* iPhone5_18landscapeflipped@2x.png */; };
		6B0E708C18A703A8002B249D /* JWCCollectionHeaderPartner.m in Sources */ = {isa = PBXBuildFile; fileRef = 6B0E708B18A703A8002B249D /* JWCCollectionHeaderPartner.m */; };
		6B0E708F18A70401002B249D /* JWCSearchBar.m in Sources */ = {isa = PBXBuildFile; fileRef = 6B0E708E18A70401002B249D /* JWCSearchBar.m */; };
		6B0E709218A70477002B249D /* JWCCollectionViewCellContact.m in Sources */ = {isa = PBXBuildFile; fileRef = 6B0E709118A70477002B249D /* JWCCollectionViewCellContact.m */; };
		6B0E709418A72C86002B249D /* identification.png in Resources */ = {isa = PBXBuildFile; fileRef = 6B0E709318A72C86002B249D /* identification.png */; };
		6B0E709618A731D2002B249D /* iPhone5_5DarkDown@2x.png in Resources */ = {isa = PBXBuildFile; fileRef = 6B0E709518A731D2002B249D /* iPhone5_5DarkDown@2x.png */; };
		6B0E709A18A733E3002B249D /* iPhone4S_5@2x.png in Resources */ = {isa = PBXBuildFile; fileRef = 6B0E709818A733E3002B249D /* iPhone4S_5@2x.png */; };
		6B0E709D18A73820002B249D /* iPhone4S_5landscape@2x.png in Resources */ = {isa = PBXBuildFile; fileRef = 6B0E709C18A73820002B249D /* iPhone4S_5landscape@2x.png */; };
		6B11A3FF18A5973E009FBDCB /* license.txt in Resources */ = {isa = PBXBuildFile; fileRef = 6B11A3FE18A5973E009FBDCB /* license.txt */; };
		6B11A40118A59775009FBDCB /* README.md in Resources */ = {isa = PBXBuildFile; fileRef = 6B11A40018A59775009FBDCB /* README.md */; };
		6B135F7018A804B3001046CD /* JWCReusableFooterAddSubtaskModalView.m in Sources */ = {isa = PBXBuildFile; fileRef = 6B135F6F18A804B3001046CD /* JWCReusableFooterAddSubtaskModalView.m */; };
		6B135F7418A8267E001046CD /* JWCTaskDoneQuestionsViewController.m in Sources */ = {isa = PBXBuildFile; fileRef = 6B135F7318A8267E001046CD /* JWCTaskDoneQuestionsViewController.m */; };
		6B135F7718A82689001046CD /* JWCTaskDonePictureViewController.m in Sources */ = {isa = PBXBuildFile; fileRef = 6B135F7618A82689001046CD /* JWCTaskDonePictureViewController.m */; };
		6B1394D218A4937400CB32FA /* iPhone5_33DarkUpperRight@2x.png in Resources */ = {isa = PBXBuildFile; fileRef = 6B1394D118A4937400CB32FA /* iPhone5_33DarkUpperRight@2x.png */; };
		6B17890E189D8CDD003664C5 /* SAMath.m in Sources */ = {isa = PBXBuildFile; fileRef = 6B17890B189D8CDD003664C5 /* SAMath.m */; };
		6B17890F189D8CDD003664C5 /* SAMultisectorControl.m in Sources */ = {isa = PBXBuildFile; fileRef = 6B17890D189D8CDD003664C5 /* SAMultisectorControl.m */; };
		6B178911189DB962003664C5 /* iPhone5_33landscape@2x.png in Resources */ = {isa = PBXBuildFile; fileRef = 6B178910189DB962003664C5 /* iPhone5_33landscape@2x.png */; };
		6B2104DE18A9E44B0033D93E /* JWCMessageController.m in Sources */ = {isa = PBXBuildFile; fileRef = 6B2104DD18A9E44B0033D93E /* JWCMessageController.m */; };
		6B271D8018A2AC8A00518805 /* JWCBottomUpSegue.m in Sources */ = {isa = PBXBuildFile; fileRef = 6B271D7F18A2AC8A00518805 /* JWCBottomUpSegue.m */; };
		6B271D8318A2ACEE00518805 /* JWCViewStatsViewController.m in Sources */ = {isa = PBXBuildFile; fileRef = 6B271D8218A2ACEE00518805 /* JWCViewStatsViewController.m */; };
		6B477ECF18A1D89500A1CD9A /* JWCTask.m in Sources */ = {isa = PBXBuildFile; fileRef = 6B477ECE18A1D89500A1CD9A /* JWCTask.m */; };
		6B501C5418A16629005478E6 /* JWCCollectionViewHeaderAddTask.m in Sources */ = {isa = PBXBuildFile; fileRef = 6B501C5318A16629005478E6 /* JWCCollectionViewHeaderAddTask.m */; };
		6B501C5D18A16C03005478E6 /* JWCAddSubtaskCollectionViewFooter.m in Sources */ = {isa = PBXBuildFile; fileRef = 6B501C5C18A16C03005478E6 /* JWCAddSubtaskCollectionViewFooter.m */; };
		6B6DF56E189C8B9B0027761B /* JWCSoonCollectionViewCell.m in Sources */ = {isa = PBXBuildFile; fileRef = 6B6DF56D189C8B9B0027761B /* JWCSoonCollectionViewCell.m */; };
		6B6DF572189C8D840027761B /* JWCSoonCollectionViewDataSource.m in Sources */ = {isa = PBXBuildFile; fileRef = 6B6DF571189C8D840027761B /* JWCSoonCollectionViewDataSource.m */; };
		6B6DF576189C8DA20027761B /* JWCTaskManager.m in Sources */ = {isa = PBXBuildFile; fileRef = 6B6DF575189C8DA20027761B /* JWCTaskManager.m */; };
		6B6DF5A2189CA48C0027761B /* JWCSoonCollectionViewHeader.m in Sources */ = {isa = PBXBuildFile; fileRef = 6B6DF5A1189CA48C0027761B /* JWCSoonCollectionViewHeader.m */; };
		6B7705BB18A175B9007DF72D /* JWCTaskDescriptionCollectionViewCell.m in Sources */ = {isa = PBXBuildFile; fileRef = 6B7705BA18A175B9007DF72D /* JWCTaskDescriptionCollectionViewCell.m */; };
		6B7705BE18A175E5007DF72D /* JWCAddTaskCollectionViewDataSource.m in Sources */ = {isa = PBXBuildFile; fileRef = 6B7705BD18A175E5007DF72D /* JWCAddTaskCollectionViewDataSource.m */; };
		6B7705C418A18BF4007DF72D /* JWCCollectionViewCellProof.m in Sources */ = {isa = PBXBuildFile; fileRef = 6B7705C318A18BF4007DF72D /* JWCCollectionViewCellProof.m */; };
		6B7705C918A195E5007DF72D /* JWCCollectionViewCellTitlePoints.m in Sources */ = {isa = PBXBuildFile; fileRef = 6B7705C818A195E5007DF72D /* JWCCollectionViewCellTitlePoints.m */; };
		6B7705CE18A1B10A007DF72D /* JWCCollectionViewFooterAddPartner.m in Sources */ = {isa = PBXBuildFile; fileRef = 6B7705CD18A1B10A007DF72D /* JWCCollectionViewFooterAddPartner.m */; };
		6B799C3018B142B4008B1113 /* denim.jpg in Resources */ = {isa = PBXBuildFile; fileRef = 6B799C2E18B142B4008B1113 /* denim.jpg */; };
		6B799C3118B142B4008B1113 /* rough.jpg in Resources */ = {isa = PBXBuildFile; fileRef = 6B799C2F18B142B4008B1113 /* rough.jpg */; };
		6B799C3D18B14363008B1113 /* APAddressBook.m in Sources */ = {isa = PBXBuildFile; fileRef = 6B799C3718B14363008B1113 /* APAddressBook.m */; };
		6B799C3E18B14363008B1113 /* APContact.m in Sources */ = {isa = PBXBuildFile; fileRef = 6B799C3918B14363008B1113 /* APContact.m */; };
		6B799C3F18B14363008B1113 /* LICENSE.txt in Resources */ = {isa = PBXBuildFile; fileRef = 6B799C3B18B14363008B1113 /* LICENSE.txt */; };
		6B799C4018B14363008B1113 /* README.md in Resources */ = {isa = PBXBuildFile; fileRef = 6B799C3C18B14363008B1113 /* README.md */; };
		6B799C4318B14FD6008B1113 /* JWCStatsManager.m in Sources */ = {isa = PBXBuildFile; fileRef = 6B799C4218B14FD6008B1113 /* JWCStatsManager.m */; };
		6B799C4618B15540008B1113 /* NSDate+DateFormatter.m in Sources */ = {isa = PBXBuildFile; fileRef = 6B799C4518B15540008B1113 /* NSDate+DateFormatter.m */; };
		6B799C6B18B161F6008B1113 /* BEMAnimations.m in Sources */ = {isa = PBXBuildFile; fileRef = 6B799C4B18B161F6008B1113 /* BEMAnimations.m */; };
		6B799C6C18B161F6008B1113 /* BEMCircle.m in Sources */ = {isa = PBXBuildFile; fileRef = 6B799C4D18B161F6008B1113 /* BEMCircle.m */; };
		6B799C6D18B161F6008B1113 /* BEMLine.m in Sources */ = {isa = PBXBuildFile; fileRef = 6B799C4F18B161F6008B1113 /* BEMLine.m */; };
		6B799C6E18B161F6008B1113 /* BEMSimpleLineGraphView.m in Sources */ = {isa = PBXBuildFile; fileRef = 6B799C5118B161F6008B1113 /* BEMSimpleLineGraphView.m */; };
		6B799C6F18B161F6008B1113 /* LICENSE in Resources */ = {isa = PBXBuildFile; fileRef = 6B799C5218B161F6008B1113 /* LICENSE */; };
		6B799C7018B161F6008B1113 /* README.md in Resources */ = {isa = PBXBuildFile; fileRef = 6B799C5318B161F6008B1113 /* README.md */; };
		6B7B6A0D18AB3C490099A60F /* iPhone5_6@2x.png in Resources */ = {isa = PBXBuildFile; fileRef = 6B7B6A0C18AB3C490099A60F /* iPhone5_6@2x.png */; };
		6B7B6A1018AB3F8E0099A60F /* iPhone5_6Blurred@2x.png in Resources */ = {isa = PBXBuildFile; fileRef = 6B7B6A0F18AB3F8E0099A60F /* iPhone5_6Blurred@2x.png */; };
		6B7B6A1318AB416C0099A60F /* iPhone4S_6@2x.png in Resources */ = {isa = PBXBuildFile; fileRef = 6B7B6A1118AB416C0099A60F /* iPhone4S_6@2x.png */; };
		6B7B6A1418AB416C0099A60F /* iPhone4S_6Blurred@2x.png in Resources */ = {isa = PBXBuildFile; fileRef = 6B7B6A1218AB416C0099A60F /* iPhone4S_6Blurred@2x.png */; };
		6BA2A7FA18A4171A0062C4B0 /* JWCCollectionReusableFooterLabel.m in Sources */ = {isa = PBXBuildFile; fileRef = 6BA2A7F918A4171A0062C4B0 /* JWCCollectionReusableFooterLabel.m */; };
		6BA2A7FD18A42A450062C4B0 /* JWCViewLine.m in Sources */ = {isa = PBXBuildFile; fileRef = 6BA2A7FC18A42A450062C4B0 /* JWCViewLine.m */; };
		6BF5316B18A4D7D700D90E5E /* iPhone5_5@2x.png in Resources */ = {isa = PBXBuildFile; fileRef = 6BF5316618A4D7D700D90E5E /* iPhone5_5@2x.png */; };
		6BF5316C18A4D7D700D90E5E /* iPhone5_7@2x.png in Resources */ = {isa = PBXBuildFile; fileRef = 6BF5316718A4D7D700D90E5E /* iPhone5_7@2x.png */; };
		6BF5316D18A4D7D700D90E5E /* iPhone5_8@2x.png in Resources */ = {isa = PBXBuildFile; fileRef = 6BF5316818A4D7D700D90E5E /* iPhone5_8@2x.png */; };
		6BF5316E18A4D7D700D90E5E /* iPhone5_15@2x.png in Resources */ = {isa = PBXBuildFile; fileRef = 6BF5316918A4D7D700D90E5E /* iPhone5_15@2x.png */; };
		6BF5316F18A4D7D700D90E5E /* iPhone5_17@2x.png in Resources */ = {isa = PBXBuildFile; fileRef = 6BF5316A18A4D7D700D90E5E /* iPhone5_17@2x.png */; };
		6BF5317118A4D80100D90E5E /* iPhone5_4@2x.png in Resources */ = {isa = PBXBuildFile; fileRef = 6BF5317018A4D80100D90E5E /* iPhone5_4@2x.png */; };
		6BF5BF10189B645200B4EA9C /* Foundation.framework in Frameworks */ = {isa = PBXBuildFile; fileRef = 6BF5BF0F189B645200B4EA9C /* Foundation.framework */; };
		6BF5BF12189B645200B4EA9C /* CoreGraphics.framework in Frameworks */ = {isa = PBXBuildFile; fileRef = 6BF5BF11189B645200B4EA9C /* CoreGraphics.framework */; };
		6BF5BF14189B645200B4EA9C /* UIKit.framework in Frameworks */ = {isa = PBXBuildFile; fileRef = 6BF5BF13189B645200B4EA9C /* UIKit.framework */; };
		6BF5BF1A189B645200B4EA9C /* InfoPlist.strings in Resources */ = {isa = PBXBuildFile; fileRef = 6BF5BF18189B645200B4EA9C /* InfoPlist.strings */; };
		6BF5BF1C189B645200B4EA9C /* main.m in Sources */ = {isa = PBXBuildFile; fileRef = 6BF5BF1B189B645200B4EA9C /* main.m */; };
		6BF5BF20189B645200B4EA9C /* JWCAppDelegate.m in Sources */ = {isa = PBXBuildFile; fileRef = 6BF5BF1F189B645200B4EA9C /* JWCAppDelegate.m */; };
		6BF5BF23189B645200B4EA9C /* Main_iPhone.storyboard in Resources */ = {isa = PBXBuildFile; fileRef = 6BF5BF21189B645200B4EA9C /* Main_iPhone.storyboard */; };
		6BF5BF26189B645200B4EA9C /* Main_iPad.storyboard in Resources */ = {isa = PBXBuildFile; fileRef = 6BF5BF24189B645200B4EA9C /* Main_iPad.storyboard */; };
		6BF5BF29189B645200B4EA9C /* JWCRootViewController.m in Sources */ = {isa = PBXBuildFile; fileRef = 6BF5BF28189B645200B4EA9C /* JWCRootViewController.m */; };
		6BF5BF2B189B645200B4EA9C /* Images.xcassets in Resources */ = {isa = PBXBuildFile; fileRef = 6BF5BF2A189B645200B4EA9C /* Images.xcassets */; };
		6BF5BF32189B645200B4EA9C /* XCTest.framework in Frameworks */ = {isa = PBXBuildFile; fileRef = 6BF5BF31189B645200B4EA9C /* XCTest.framework */; };
		6BF5BF33189B645200B4EA9C /* Foundation.framework in Frameworks */ = {isa = PBXBuildFile; fileRef = 6BF5BF0F189B645200B4EA9C /* Foundation.framework */; };
		6BF5BF34189B645200B4EA9C /* UIKit.framework in Frameworks */ = {isa = PBXBuildFile; fileRef = 6BF5BF13189B645200B4EA9C /* UIKit.framework */; };
		6BF5BF3C189B645200B4EA9C /* InfoPlist.strings in Resources */ = {isa = PBXBuildFile; fileRef = 6BF5BF3A189B645200B4EA9C /* InfoPlist.strings */; };
		6BF5BF3E189B645200B4EA9C /* Get_It_DoneTests.m in Sources */ = {isa = PBXBuildFile; fileRef = 6BF5BF3D189B645200B4EA9C /* Get_It_DoneTests.m */; };
		6BF5BF4A189B64A400B4EA9C /* JWCSoonViewController.m in Sources */ = {isa = PBXBuildFile; fileRef = 6BF5BF49189B64A400B4EA9C /* JWCSoonViewController.m */; };
		6BF5BF4D189B64DB00B4EA9C /* JWCAddTaskViewController.m in Sources */ = {isa = PBXBuildFile; fileRef = 6BF5BF4C189B64DB00B4EA9C /* JWCAddTaskViewController.m */; };
		6BFD0A2B189C547E008C3698 /* JWCTaskDoneDescribeViewController.m in Sources */ = {isa = PBXBuildFile; fileRef = 6BFD0A2A189C547E008C3698 /* JWCTaskDoneDescribeViewController.m */; };
		6BFD0A2E189C5C4D008C3698 /* JWCViewControllerAnimatedTransition.m in Sources */ = {isa = PBXBuildFile; fileRef = 6BFD0A2D189C5C4D008C3698 /* JWCViewControllerAnimatedTransition.m */; };
		6BFD0A3A189C6A92008C3698 /* iPhone5_26@2x.png in Resources */ = {isa = PBXBuildFile; fileRef = 6BFD0A37189C6A92008C3698 /* iPhone5_26@2x.png */; };
		6BFD0A3B189C6A92008C3698 /* iPhone5_33@2x.png in Resources */ = {isa = PBXBuildFile; fileRef = 6BFD0A38189C6A92008C3698 /* iPhone5_33@2x.png */; };
		6BFD0A3C189C6A92008C3698 /* iPhone5_34@2x.png in Resources */ = {isa = PBXBuildFile; fileRef = 6BFD0A39189C6A92008C3698 /* iPhone5_34@2x.png */; };
		6BFD0A3E189C6B88008C3698 /* iPhone5_33Flipped@2x.png in Resources */ = {isa = PBXBuildFile; fileRef = 6BFD0A3D189C6B88008C3698 /* iPhone5_33Flipped@2x.png */; };
		6BFD0A60189C6FC3008C3698 /* M13ProgressConsole.m in Sources */ = {isa = PBXBuildFile; fileRef = 6BFD0A42189C6FC3008C3698 /* M13ProgressConsole.m */; };
		6BFD0A61189C6FC3008C3698 /* M13ProgressHUD.m in Sources */ = {isa = PBXBuildFile; fileRef = 6BFD0A45189C6FC3008C3698 /* M13ProgressHUD.m */; };
		6BFD0A62189C6FC3008C3698 /* UIImage+ImageEffects.m in Sources */ = {isa = PBXBuildFile; fileRef = 6BFD0A47189C6FC3008C3698 /* UIImage+ImageEffects.m */; };
		6BFD0A63189C6FC3008C3698 /* UINavigationController+M13ProgressViewBar.m in Sources */ = {isa = PBXBuildFile; fileRef = 6BFD0A4A189C6FC3008C3698 /* UINavigationController+M13ProgressViewBar.m */; };
		6BFD0A64189C6FC3008C3698 /* M13ProgressView.m in Sources */ = {isa = PBXBuildFile; fileRef = 6BFD0A4D189C6FC3008C3698 /* M13ProgressView.m */; };
		6BFD0A65189C6FC3008C3698 /* M13ProgressViewBar.m in Sources */ = {isa = PBXBuildFile; fileRef = 6BFD0A4F189C6FC3008C3698 /* M13ProgressViewBar.m */; };
		6BFD0A66189C6FC3008C3698 /* M13ProgressViewBorderedBar.m in Sources */ = {isa = PBXBuildFile; fileRef = 6BFD0A51189C6FC3008C3698 /* M13ProgressViewBorderedBar.m */; };
		6BFD0A67189C6FC3008C3698 /* M13ProgressViewFilteredImage.m in Sources */ = {isa = PBXBuildFile; fileRef = 6BFD0A53189C6FC3008C3698 /* M13ProgressViewFilteredImage.m */; };
		6BFD0A68189C6FC3008C3698 /* M13ProgressViewImage.m in Sources */ = {isa = PBXBuildFile; fileRef = 6BFD0A55189C6FC3008C3698 /* M13ProgressViewImage.m */; };
		6BFD0A69189C6FC3008C3698 /* M13ProgressViewPie.m in Sources */ = {isa = PBXBuildFile; fileRef = 6BFD0A57189C6FC3008C3698 /* M13ProgressViewPie.m */; };
		6BFD0A6A189C6FC3008C3698 /* M13ProgressViewRing.m in Sources */ = {isa = PBXBuildFile; fileRef = 6BFD0A59189C6FC3008C3698 /* M13ProgressViewRing.m */; };
		6BFD0A6B189C6FC3008C3698 /* M13ProgressViewSegmentedBar.m in Sources */ = {isa = PBXBuildFile; fileRef = 6BFD0A5B189C6FC3008C3698 /* M13ProgressViewSegmentedBar.m */; };
		6BFD0A6C189C6FC3008C3698 /* M13ProgressViewSegmentedRing.m in Sources */ = {isa = PBXBuildFile; fileRef = 6BFD0A5D189C6FC3008C3698 /* M13ProgressViewSegmentedRing.m */; };
		6BFD0A6D189C6FC3008C3698 /* M13ProgressViewStripedBar.m in Sources */ = {isa = PBXBuildFile; fileRef = 6BFD0A5F189C6FC3008C3698 /* M13ProgressViewStripedBar.m */; };
		6BFD0A71189C7410008C3698 /* UIColor+GetItDoneColors.m in Sources */ = {isa = PBXBuildFile; fileRef = 6BFD0A70189C7410008C3698 /* UIColor+GetItDoneColors.m */; };
		6BFFC73B18A2E0560099ACB0 /* KGModal.m in Sources */ = {isa = PBXBuildFile; fileRef = 6BFFC73A18A2E0560099ACB0 /* KGModal.m */; };
		6BFFC73E18A2E16C0099ACB0 /* JWCTaskPartner.m in Sources */ = {isa = PBXBuildFile; fileRef = 6BFFC73D18A2E16C0099ACB0 /* JWCTaskPartner.m */; };
		6BFFC74718A2E7270099ACB0 /* JWCContactsLoader.m in Sources */ = {isa = PBXBuildFile; fileRef = 6BFFC74618A2E7270099ACB0 /* JWCContactsLoader.m */; };
		6BFFC74918A2E8410099ACB0 /* MessageUI.framework in Frameworks */ = {isa = PBXBuildFile; fileRef = 6BFFC74818A2E8410099ACB0 /* MessageUI.framework */; };
		6BFFC74D18A2E8830099ACB0 /* AddressBook.framework in Frameworks */ = {isa = PBXBuildFile; fileRef = 6BFFC74C18A2E8830099ACB0 /* AddressBook.framework */; };
		6BFFC78218A309DB0099ACB0 /* JWCSubtask.m in Sources */ = {isa = PBXBuildFile; fileRef = 6BFFC78118A309DB0099ACB0 /* JWCSubtask.m */; };
/* End PBXBuildFile section */

/* Begin PBXContainerItemProxy section */
		6BF5BF35189B645200B4EA9C /* PBXContainerItemProxy */ = {
			isa = PBXContainerItemProxy;
			containerPortal = 6BF5BF04189B645100B4EA9C /* Project object */;
			proxyType = 1;
			remoteGlobalIDString = 6BF5BF0B189B645100B4EA9C;
			remoteInfo = "Get It Done";
		};
/* End PBXContainerItemProxy section */

/* Begin PBXFileReference section */
		6B0D66B618A86F900093FE74 /* JWCCollectionViewFooterContactTypeChooser.h */ = {isa = PBXFileReference; fileEncoding = 4; lastKnownFileType = sourcecode.c.h; name = JWCCollectionViewFooterContactTypeChooser.h; path = Classes/JWCCollectionViewFooterContactTypeChooser.h; sourceTree = "<group>"; };
		6B0D66B718A86F900093FE74 /* JWCCollectionViewFooterContactTypeChooser.m */ = {isa = PBXFileReference; fileEncoding = 4; lastKnownFileType = sourcecode.c.objc; name = JWCCollectionViewFooterContactTypeChooser.m; path = Classes/JWCCollectionViewFooterContactTypeChooser.m; sourceTree = "<group>"; };
		6B0E1E6D18A9591D00883982 /* JWCCollectionViewCellAnswerProofQuestions.h */ = {isa = PBXFileReference; fileEncoding = 4; lastKnownFileType = sourcecode.c.h; name = JWCCollectionViewCellAnswerProofQuestions.h; path = "Get It Done/JWCCollectionViewCellAnswerProofQuestions.h"; sourceTree = "<group>"; };
		6B0E1E6E18A9591D00883982 /* JWCCollectionViewCellAnswerProofQuestions.m */ = {isa = PBXFileReference; fileEncoding = 4; lastKnownFileType = sourcecode.c.objc; name = JWCCollectionViewCellAnswerProofQuestions.m; path = "Get It Done/JWCCollectionViewCellAnswerProofQuestions.m"; sourceTree = "<group>"; };
		6B0E1E7118A95C0C00883982 /* JWCCollectionViewDataSourceProofQuestions.h */ = {isa = PBXFileReference; fileEncoding = 4; lastKnownFileType = sourcecode.c.h; path = JWCCollectionViewDataSourceProofQuestions.h; sourceTree = "<group>"; };
		6B0E1E7218A95C0C00883982 /* JWCCollectionViewDataSourceProofQuestions.m */ = {isa = PBXFileReference; fileEncoding = 4; lastKnownFileType = sourcecode.c.objc; path = JWCCollectionViewDataSourceProofQuestions.m; sourceTree = "<group>"; };
		6B0E707E18A6E45C002B249D /* iPhone5_2@2x.png */ = {isa = PBXFileReference; lastKnownFileType = image.png; path = "iPhone5_2@2x.png"; sourceTree = "<group>"; };
		6B0E708018A6E8AF002B249D /* iPhone5_18@2x.png */ = {isa = PBXFileReference; lastKnownFileType = image.png; path = "iPhone5_18@2x.png"; sourceTree = "<group>"; };
		6B0E708218A6EE7A002B249D /* Circle.png */ = {isa = PBXFileReference; lastKnownFileType = image.png; path = Circle.png; sourceTree = "<group>"; };
		6B0E708418A6F2EC002B249D /* iPhone5_18flipped@2x.png */ = {isa = PBXFileReference; lastKnownFileType = image.png; path = "iPhone5_18flipped@2x.png"; sourceTree = "<group>"; };
		6B0E708518A6F2EC002B249D /* iPhone5_18landscape@2x.png */ = {isa = PBXFileReference; lastKnownFileType = image.png; path = "iPhone5_18landscape@2x.png"; sourceTree = "<group>"; };
		6B0E708818A6FEF9002B249D /* iPhone5_18landscapeflipped@2x.png */ = {isa = PBXFileReference; lastKnownFileType = image.png; path = "iPhone5_18landscapeflipped@2x.png"; sourceTree = "<group>"; };
		6B0E708A18A703A8002B249D /* JWCCollectionHeaderPartner.h */ = {isa = PBXFileReference; fileEncoding = 4; lastKnownFileType = sourcecode.c.h; name = JWCCollectionHeaderPartner.h; path = "Get It Done/JWCCollectionHeaderPartner.h"; sourceTree = "<group>"; };
		6B0E708B18A703A8002B249D /* JWCCollectionHeaderPartner.m */ = {isa = PBXFileReference; fileEncoding = 4; lastKnownFileType = sourcecode.c.objc; name = JWCCollectionHeaderPartner.m; path = "Get It Done/JWCCollectionHeaderPartner.m"; sourceTree = "<group>"; };
		6B0E708D18A70401002B249D /* JWCSearchBar.h */ = {isa = PBXFileReference; fileEncoding = 4; lastKnownFileType = sourcecode.c.h; name = JWCSearchBar.h; path = "Get It Done/JWCSearchBar.h"; sourceTree = "<group>"; };
		6B0E708E18A70401002B249D /* JWCSearchBar.m */ = {isa = PBXFileReference; fileEncoding = 4; lastKnownFileType = sourcecode.c.objc; name = JWCSearchBar.m; path = "Get It Done/JWCSearchBar.m"; sourceTree = "<group>"; };
		6B0E709018A70477002B249D /* JWCCollectionViewCellContact.h */ = {isa = PBXFileReference; fileEncoding = 4; lastKnownFileType = sourcecode.c.h; name = JWCCollectionViewCellContact.h; path = "Get It Done/JWCCollectionViewCellContact.h"; sourceTree = "<group>"; };
		6B0E709118A70477002B249D /* JWCCollectionViewCellContact.m */ = {isa = PBXFileReference; fileEncoding = 4; lastKnownFileType = sourcecode.c.objc; name = JWCCollectionViewCellContact.m; path = "Get It Done/JWCCollectionViewCellContact.m"; sourceTree = "<group>"; };
		6B0E709318A72C86002B249D /* identification.png */ = {isa = PBXFileReference; lastKnownFileType = image.png; path = identification.png; sourceTree = "<group>"; };
		6B0E709518A731D2002B249D /* iPhone5_5DarkDown@2x.png */ = {isa = PBXFileReference; lastKnownFileType = image.png; path = "iPhone5_5DarkDown@2x.png"; sourceTree = "<group>"; };
		6B0E709818A733E3002B249D /* iPhone4S_5@2x.png */ = {isa = PBXFileReference; lastKnownFileType = image.png; path = "iPhone4S_5@2x.png"; sourceTree = "<group>"; };
		6B0E709C18A73820002B249D /* iPhone4S_5landscape@2x.png */ = {isa = PBXFileReference; lastKnownFileType = image.png; path = "iPhone4S_5landscape@2x.png"; sourceTree = "<group>"; };
		6B11A3FE18A5973E009FBDCB /* license.txt */ = {isa = PBXFileReference; fileEncoding = 4; lastKnownFileType = text; path = license.txt; sourceTree = "<group>"; };
		6B11A40018A59775009FBDCB /* README.md */ = {isa = PBXFileReference; fileEncoding = 4; lastKnownFileType = text; path = README.md; sourceTree = "<group>"; };
		6B135F6E18A804B3001046CD /* JWCReusableFooterAddSubtaskModalView.h */ = {isa = PBXFileReference; fileEncoding = 4; lastKnownFileType = sourcecode.c.h; name = JWCReusableFooterAddSubtaskModalView.h; path = "Get It Done/JWCReusableFooterAddSubtaskModalView.h"; sourceTree = "<group>"; };
		6B135F6F18A804B3001046CD /* JWCReusableFooterAddSubtaskModalView.m */ = {isa = PBXFileReference; fileEncoding = 4; lastKnownFileType = sourcecode.c.objc; name = JWCReusableFooterAddSubtaskModalView.m; path = "Get It Done/JWCReusableFooterAddSubtaskModalView.m"; sourceTree = "<group>"; };
		6B135F7218A8267E001046CD /* JWCTaskDoneQuestionsViewController.h */ = {isa = PBXFileReference; fileEncoding = 4; lastKnownFileType = sourcecode.c.h; path = JWCTaskDoneQuestionsViewController.h; sourceTree = "<group>"; };
		6B135F7318A8267E001046CD /* JWCTaskDoneQuestionsViewController.m */ = {isa = PBXFileReference; fileEncoding = 4; lastKnownFileType = sourcecode.c.objc; path = JWCTaskDoneQuestionsViewController.m; sourceTree = "<group>"; };
		6B135F7518A82689001046CD /* JWCTaskDonePictureViewController.h */ = {isa = PBXFileReference; fileEncoding = 4; lastKnownFileType = sourcecode.c.h; path = JWCTaskDonePictureViewController.h; sourceTree = "<group>"; };
		6B135F7618A82689001046CD /* JWCTaskDonePictureViewController.m */ = {isa = PBXFileReference; fileEncoding = 4; lastKnownFileType = sourcecode.c.objc; path = JWCTaskDonePictureViewController.m; sourceTree = "<group>"; };
		6B1394D118A4937400CB32FA /* iPhone5_33DarkUpperRight@2x.png */ = {isa = PBXFileReference; lastKnownFileType = image.png; name = "iPhone5_33DarkUpperRight@2x.png"; path = "../../../../../Pictures/Get It Done Elements/Backgrounds/iPhone5_33DarkUpperRight@2x.png"; sourceTree = "<group>"; };
		6B17890A189D8CDD003664C5 /* SAMath.h */ = {isa = PBXFileReference; fileEncoding = 4; lastKnownFileType = sourcecode.c.h; path = SAMath.h; sourceTree = "<group>"; };
		6B17890B189D8CDD003664C5 /* SAMath.m */ = {isa = PBXFileReference; fileEncoding = 4; lastKnownFileType = sourcecode.c.objc; path = SAMath.m; sourceTree = "<group>"; };
		6B17890C189D8CDD003664C5 /* SAMultisectorControl.h */ = {isa = PBXFileReference; fileEncoding = 4; lastKnownFileType = sourcecode.c.h; path = SAMultisectorControl.h; sourceTree = "<group>"; };
		6B17890D189D8CDD003664C5 /* SAMultisectorControl.m */ = {isa = PBXFileReference; fileEncoding = 4; lastKnownFileType = sourcecode.c.objc; path = SAMultisectorControl.m; sourceTree = "<group>"; };
		6B178910189DB962003664C5 /* iPhone5_33landscape@2x.png */ = {isa = PBXFileReference; lastKnownFileType = image.png; path = "iPhone5_33landscape@2x.png"; sourceTree = "<group>"; };
		6B2104DC18A9E44B0033D93E /* JWCMessageController.h */ = {isa = PBXFileReference; fileEncoding = 4; lastKnownFileType = sourcecode.c.h; name = JWCMessageController.h; path = "Get It Done/JWCMessageController.h"; sourceTree = "<group>"; };
		6B2104DD18A9E44B0033D93E /* JWCMessageController.m */ = {isa = PBXFileReference; fileEncoding = 4; lastKnownFileType = sourcecode.c.objc; name = JWCMessageController.m; path = "Get It Done/JWCMessageController.m"; sourceTree = "<group>"; };
		6B271D7E18A2AC8A00518805 /* JWCBottomUpSegue.h */ = {isa = PBXFileReference; fileEncoding = 4; lastKnownFileType = sourcecode.c.h; path = JWCBottomUpSegue.h; sourceTree = "<group>"; };
		6B271D7F18A2AC8A00518805 /* JWCBottomUpSegue.m */ = {isa = PBXFileReference; fileEncoding = 4; lastKnownFileType = sourcecode.c.objc; path = JWCBottomUpSegue.m; sourceTree = "<group>"; };
		6B271D8118A2ACEE00518805 /* JWCViewStatsViewController.h */ = {isa = PBXFileReference; fileEncoding = 4; lastKnownFileType = sourcecode.c.h; name = JWCViewStatsViewController.h; path = ../JWCViewStatsViewController.h; sourceTree = "<group>"; };
		6B271D8218A2ACEE00518805 /* JWCViewStatsViewController.m */ = {isa = PBXFileReference; fileEncoding = 4; lastKnownFileType = sourcecode.c.objc; name = JWCViewStatsViewController.m; path = ../JWCViewStatsViewController.m; sourceTree = "<group>"; };
		6B477ECD18A1D89500A1CD9A /* JWCTask.h */ = {isa = PBXFileReference; fileEncoding = 4; lastKnownFileType = sourcecode.c.h; name = JWCTask.h; path = "Get It Done/JWCTask.h"; sourceTree = "<group>"; };
		6B477ECE18A1D89500A1CD9A /* JWCTask.m */ = {isa = PBXFileReference; fileEncoding = 4; lastKnownFileType = sourcecode.c.objc; name = JWCTask.m; path = "Get It Done/JWCTask.m"; sourceTree = "<group>"; };
		6B501C5218A16629005478E6 /* JWCCollectionViewHeaderAddTask.h */ = {isa = PBXFileReference; fileEncoding = 4; lastKnownFileType = sourcecode.c.h; name = JWCCollectionViewHeaderAddTask.h; path = "Get It Done/JWCCollectionViewHeaderAddTask.h"; sourceTree = "<group>"; };
		6B501C5318A16629005478E6 /* JWCCollectionViewHeaderAddTask.m */ = {isa = PBXFileReference; fileEncoding = 4; lastKnownFileType = sourcecode.c.objc; name = JWCCollectionViewHeaderAddTask.m; path = "Get It Done/JWCCollectionViewHeaderAddTask.m"; sourceTree = "<group>"; };
		6B501C5B18A16C03005478E6 /* JWCAddSubtaskCollectionViewFooter.h */ = {isa = PBXFileReference; fileEncoding = 4; lastKnownFileType = sourcecode.c.h; name = JWCAddSubtaskCollectionViewFooter.h; path = "Get It Done/JWCAddSubtaskCollectionViewFooter.h"; sourceTree = "<group>"; };
		6B501C5C18A16C03005478E6 /* JWCAddSubtaskCollectionViewFooter.m */ = {isa = PBXFileReference; fileEncoding = 4; lastKnownFileType = sourcecode.c.objc; name = JWCAddSubtaskCollectionViewFooter.m; path = "Get It Done/JWCAddSubtaskCollectionViewFooter.m"; sourceTree = "<group>"; };
		6B6DF56C189C8B9B0027761B /* JWCSoonCollectionViewCell.h */ = {isa = PBXFileReference; fileEncoding = 4; lastKnownFileType = sourcecode.c.h; name = JWCSoonCollectionViewCell.h; path = "Get It Done/JWCSoonCollectionViewCell.h"; sourceTree = "<group>"; };
		6B6DF56D189C8B9B0027761B /* JWCSoonCollectionViewCell.m */ = {isa = PBXFileReference; fileEncoding = 4; lastKnownFileType = sourcecode.c.objc; name = JWCSoonCollectionViewCell.m; path = "Get It Done/JWCSoonCollectionViewCell.m"; sourceTree = "<group>"; };
		6B6DF570189C8D840027761B /* JWCSoonCollectionViewDataSource.h */ = {isa = PBXFileReference; fileEncoding = 4; lastKnownFileType = sourcecode.c.h; path = JWCSoonCollectionViewDataSource.h; sourceTree = "<group>"; };
		6B6DF571189C8D840027761B /* JWCSoonCollectionViewDataSource.m */ = {isa = PBXFileReference; fileEncoding = 4; lastKnownFileType = sourcecode.c.objc; path = JWCSoonCollectionViewDataSource.m; sourceTree = "<group>"; };
		6B6DF574189C8DA20027761B /* JWCTaskManager.h */ = {isa = PBXFileReference; fileEncoding = 4; lastKnownFileType = sourcecode.c.h; name = JWCTaskManager.h; path = "Get It Done/JWCTaskManager.h"; sourceTree = "<group>"; };
		6B6DF575189C8DA20027761B /* JWCTaskManager.m */ = {isa = PBXFileReference; fileEncoding = 4; lastKnownFileType = sourcecode.c.objc; name = JWCTaskManager.m; path = "Get It Done/JWCTaskManager.m"; sourceTree = "<group>"; };
		6B6DF5A0189CA48C0027761B /* JWCSoonCollectionViewHeader.h */ = {isa = PBXFileReference; fileEncoding = 4; lastKnownFileType = sourcecode.c.h; name = JWCSoonCollectionViewHeader.h; path = "Get It Done/JWCSoonCollectionViewHeader.h"; sourceTree = "<group>"; };
		6B6DF5A1189CA48C0027761B /* JWCSoonCollectionViewHeader.m */ = {isa = PBXFileReference; fileEncoding = 4; lastKnownFileType = sourcecode.c.objc; name = JWCSoonCollectionViewHeader.m; path = "Get It Done/JWCSoonCollectionViewHeader.m"; sourceTree = "<group>"; };
		6B7705B918A175B9007DF72D /* JWCTaskDescriptionCollectionViewCell.h */ = {isa = PBXFileReference; fileEncoding = 4; lastKnownFileType = sourcecode.c.h; name = JWCTaskDescriptionCollectionViewCell.h; path = "Get It Done/JWCTaskDescriptionCollectionViewCell.h"; sourceTree = "<group>"; };
		6B7705BA18A175B9007DF72D /* JWCTaskDescriptionCollectionViewCell.m */ = {isa = PBXFileReference; fileEncoding = 4; lastKnownFileType = sourcecode.c.objc; name = JWCTaskDescriptionCollectionViewCell.m; path = "Get It Done/JWCTaskDescriptionCollectionViewCell.m"; sourceTree = "<group>"; };
		6B7705BC18A175E5007DF72D /* JWCAddTaskCollectionViewDataSource.h */ = {isa = PBXFileReference; fileEncoding = 4; lastKnownFileType = sourcecode.c.h; path = JWCAddTaskCollectionViewDataSource.h; sourceTree = "<group>"; };
		6B7705BD18A175E5007DF72D /* JWCAddTaskCollectionViewDataSource.m */ = {isa = PBXFileReference; fileEncoding = 4; lastKnownFileType = sourcecode.c.objc; path = JWCAddTaskCollectionViewDataSource.m; sourceTree = "<group>"; };
		6B7705C218A18BF4007DF72D /* JWCCollectionViewCellProof.h */ = {isa = PBXFileReference; fileEncoding = 4; lastKnownFileType = sourcecode.c.h; name = JWCCollectionViewCellProof.h; path = "Get It Done/JWCCollectionViewCellProof.h"; sourceTree = "<group>"; };
		6B7705C318A18BF4007DF72D /* JWCCollectionViewCellProof.m */ = {isa = PBXFileReference; fileEncoding = 4; lastKnownFileType = sourcecode.c.objc; name = JWCCollectionViewCellProof.m; path = "Get It Done/JWCCollectionViewCellProof.m"; sourceTree = "<group>"; };
		6B7705C618A191B9007DF72D /* Constants.h */ = {isa = PBXFileReference; lastKnownFileType = sourcecode.c.h; path = Constants.h; sourceTree = "<group>"; };
		6B7705C718A195E5007DF72D /* JWCCollectionViewCellTitlePoints.h */ = {isa = PBXFileReference; fileEncoding = 4; lastKnownFileType = sourcecode.c.h; name = JWCCollectionViewCellTitlePoints.h; path = "Get It Done/JWCCollectionViewCellTitlePoints.h"; sourceTree = "<group>"; };
		6B7705C818A195E5007DF72D /* JWCCollectionViewCellTitlePoints.m */ = {isa = PBXFileReference; fileEncoding = 4; lastKnownFileType = sourcecode.c.objc; name = JWCCollectionViewCellTitlePoints.m; path = "Get It Done/JWCCollectionViewCellTitlePoints.m"; sourceTree = "<group>"; };
		6B7705CC18A1B10A007DF72D /* JWCCollectionViewFooterAddPartner.h */ = {isa = PBXFileReference; fileEncoding = 4; lastKnownFileType = sourcecode.c.h; name = JWCCollectionViewFooterAddPartner.h; path = "Get It Done/JWCCollectionViewFooterAddPartner.h"; sourceTree = "<group>"; };
		6B7705CD18A1B10A007DF72D /* JWCCollectionViewFooterAddPartner.m */ = {isa = PBXFileReference; fileEncoding = 4; lastKnownFileType = sourcecode.c.objc; name = JWCCollectionViewFooterAddPartner.m; path = "Get It Done/JWCCollectionViewFooterAddPartner.m"; sourceTree = "<group>"; };
		6B799C2E18B142B4008B1113 /* denim.jpg */ = {isa = PBXFileReference; lastKnownFileType = image.jpeg; path = denim.jpg; sourceTree = "<group>"; };
		6B799C2F18B142B4008B1113 /* rough.jpg */ = {isa = PBXFileReference; lastKnownFileType = image.jpeg; path = rough.jpg; sourceTree = "<group>"; };
		6B799C3618B14363008B1113 /* APAddressBook.h */ = {isa = PBXFileReference; fileEncoding = 4; lastKnownFileType = sourcecode.c.h; path = APAddressBook.h; sourceTree = "<group>"; };
		6B799C3718B14363008B1113 /* APAddressBook.m */ = {isa = PBXFileReference; fileEncoding = 4; lastKnownFileType = sourcecode.c.objc; path = APAddressBook.m; sourceTree = "<group>"; };
		6B799C3818B14363008B1113 /* APContact.h */ = {isa = PBXFileReference; fileEncoding = 4; lastKnownFileType = sourcecode.c.h; path = APContact.h; sourceTree = "<group>"; };
		6B799C3918B14363008B1113 /* APContact.m */ = {isa = PBXFileReference; fileEncoding = 4; lastKnownFileType = sourcecode.c.objc; path = APContact.m; sourceTree = "<group>"; };
		6B799C3A18B14363008B1113 /* APTypes.h */ = {isa = PBXFileReference; fileEncoding = 4; lastKnownFileType = sourcecode.c.h; path = APTypes.h; sourceTree = "<group>"; };
		6B799C3B18B14363008B1113 /* LICENSE.txt */ = {isa = PBXFileReference; fileEncoding = 4; lastKnownFileType = text; path = LICENSE.txt; sourceTree = "<group>"; };
		6B799C3C18B14363008B1113 /* README.md */ = {isa = PBXFileReference; fileEncoding = 4; lastKnownFileType = text; path = README.md; sourceTree = "<group>"; };
		6B799C4118B14FD6008B1113 /* JWCStatsManager.h */ = {isa = PBXFileReference; fileEncoding = 4; lastKnownFileType = sourcecode.c.h; name = JWCStatsManager.h; path = "Get It Done/JWCStatsManager.h"; sourceTree = "<group>"; };
		6B799C4218B14FD6008B1113 /* JWCStatsManager.m */ = {isa = PBXFileReference; fileEncoding = 4; lastKnownFileType = sourcecode.c.objc; name = JWCStatsManager.m; path = "Get It Done/JWCStatsManager.m"; sourceTree = "<group>"; };
		6B799C4418B15540008B1113 /* NSDate+DateFormatter.h */ = {isa = PBXFileReference; fileEncoding = 4; lastKnownFileType = sourcecode.c.h; path = "NSDate+DateFormatter.h"; sourceTree = "<group>"; };
		6B799C4518B15540008B1113 /* NSDate+DateFormatter.m */ = {isa = PBXFileReference; fileEncoding = 4; lastKnownFileType = sourcecode.c.objc; path = "NSDate+DateFormatter.m"; sourceTree = "<group>"; };
		6B799C4A18B161F6008B1113 /* BEMAnimations.h */ = {isa = PBXFileReference; fileEncoding = 4; lastKnownFileType = sourcecode.c.h; path = BEMAnimations.h; sourceTree = "<group>"; };
		6B799C4B18B161F6008B1113 /* BEMAnimations.m */ = {isa = PBXFileReference; fileEncoding = 4; lastKnownFileType = sourcecode.c.objc; path = BEMAnimations.m; sourceTree = "<group>"; };
		6B799C4C18B161F6008B1113 /* BEMCircle.h */ = {isa = PBXFileReference; fileEncoding = 4; lastKnownFileType = sourcecode.c.h; path = BEMCircle.h; sourceTree = "<group>"; };
		6B799C4D18B161F6008B1113 /* BEMCircle.m */ = {isa = PBXFileReference; fileEncoding = 4; lastKnownFileType = sourcecode.c.objc; path = BEMCircle.m; sourceTree = "<group>"; };
		6B799C4E18B161F6008B1113 /* BEMLine.h */ = {isa = PBXFileReference; fileEncoding = 4; lastKnownFileType = sourcecode.c.h; path = BEMLine.h; sourceTree = "<group>"; };
		6B799C4F18B161F6008B1113 /* BEMLine.m */ = {isa = PBXFileReference; fileEncoding = 4; lastKnownFileType = sourcecode.c.objc; path = BEMLine.m; sourceTree = "<group>"; };
		6B799C5018B161F6008B1113 /* BEMSimpleLineGraphView.h */ = {isa = PBXFileReference; fileEncoding = 4; lastKnownFileType = sourcecode.c.h; path = BEMSimpleLineGraphView.h; sourceTree = "<group>"; };
		6B799C5118B161F6008B1113 /* BEMSimpleLineGraphView.m */ = {isa = PBXFileReference; fileEncoding = 4; lastKnownFileType = sourcecode.c.objc; path = BEMSimpleLineGraphView.m; sourceTree = "<group>"; };
		6B799C5218B161F6008B1113 /* LICENSE */ = {isa = PBXFileReference; fileEncoding = 4; lastKnownFileType = text; path = LICENSE; sourceTree = "<group>"; };
		6B799C5318B161F6008B1113 /* README.md */ = {isa = PBXFileReference; fileEncoding = 4; lastKnownFileType = text; path = README.md; sourceTree = "<group>"; };
		6B7B6A0C18AB3C490099A60F /* iPhone5_6@2x.png */ = {isa = PBXFileReference; lastKnownFileType = image.png; path = "iPhone5_6@2x.png"; sourceTree = "<group>"; };
		6B7B6A0F18AB3F8E0099A60F /* iPhone5_6Blurred@2x.png */ = {isa = PBXFileReference; lastKnownFileType = image.png; path = "iPhone5_6Blurred@2x.png"; sourceTree = "<group>"; };
		6B7B6A1118AB416C0099A60F /* iPhone4S_6@2x.png */ = {isa = PBXFileReference; lastKnownFileType = image.png; path = "iPhone4S_6@2x.png"; sourceTree = "<group>"; };
		6B7B6A1218AB416C0099A60F /* iPhone4S_6Blurred@2x.png */ = {isa = PBXFileReference; lastKnownFileType = image.png; path = "iPhone4S_6Blurred@2x.png"; sourceTree = "<group>"; };
		6BA2A7F818A4171A0062C4B0 /* JWCCollectionReusableFooterLabel.h */ = {isa = PBXFileReference; fileEncoding = 4; lastKnownFileType = sourcecode.c.h; name = JWCCollectionReusableFooterLabel.h; path = "Get It Done/JWCCollectionReusableFooterLabel.h"; sourceTree = "<group>"; };
		6BA2A7F918A4171A0062C4B0 /* JWCCollectionReusableFooterLabel.m */ = {isa = PBXFileReference; fileEncoding = 4; lastKnownFileType = sourcecode.c.objc; name = JWCCollectionReusableFooterLabel.m; path = "Get It Done/JWCCollectionReusableFooterLabel.m"; sourceTree = "<group>"; };
		6BA2A7FB18A42A450062C4B0 /* JWCViewLine.h */ = {isa = PBXFileReference; fileEncoding = 4; lastKnownFileType = sourcecode.c.h; name = JWCViewLine.h; path = "Get It Done/JWCViewLine.h"; sourceTree = "<group>"; };
		6BA2A7FC18A42A450062C4B0 /* JWCViewLine.m */ = {isa = PBXFileReference; fileEncoding = 4; lastKnownFileType = sourcecode.c.objc; name = JWCViewLine.m; path = "Get It Done/JWCViewLine.m"; sourceTree = "<group>"; };
		6BF5316618A4D7D700D90E5E /* iPhone5_5@2x.png */ = {isa = PBXFileReference; lastKnownFileType = image.png; path = "iPhone5_5@2x.png"; sourceTree = "<group>"; };
		6BF5316718A4D7D700D90E5E /* iPhone5_7@2x.png */ = {isa = PBXFileReference; lastKnownFileType = image.png; path = "iPhone5_7@2x.png"; sourceTree = "<group>"; };
		6BF5316818A4D7D700D90E5E /* iPhone5_8@2x.png */ = {isa = PBXFileReference; lastKnownFileType = image.png; path = "iPhone5_8@2x.png"; sourceTree = "<group>"; };
		6BF5316918A4D7D700D90E5E /* iPhone5_15@2x.png */ = {isa = PBXFileReference; lastKnownFileType = image.png; path = "iPhone5_15@2x.png"; sourceTree = "<group>"; };
		6BF5316A18A4D7D700D90E5E /* iPhone5_17@2x.png */ = {isa = PBXFileReference; lastKnownFileType = image.png; path = "iPhone5_17@2x.png"; sourceTree = "<group>"; };
		6BF5317018A4D80100D90E5E /* iPhone5_4@2x.png */ = {isa = PBXFileReference; lastKnownFileType = image.png; path = "iPhone5_4@2x.png"; sourceTree = "<group>"; };
		6BF5BF0C189B645200B4EA9C /* Get It Done.app */ = {isa = PBXFileReference; explicitFileType = wrapper.application; includeInIndex = 0; path = "Get It Done.app"; sourceTree = BUILT_PRODUCTS_DIR; };
		6BF5BF0F189B645200B4EA9C /* Foundation.framework */ = {isa = PBXFileReference; lastKnownFileType = wrapper.framework; name = Foundation.framework; path = System/Library/Frameworks/Foundation.framework; sourceTree = SDKROOT; };
		6BF5BF11189B645200B4EA9C /* CoreGraphics.framework */ = {isa = PBXFileReference; lastKnownFileType = wrapper.framework; name = CoreGraphics.framework; path = System/Library/Frameworks/CoreGraphics.framework; sourceTree = SDKROOT; };
		6BF5BF13189B645200B4EA9C /* UIKit.framework */ = {isa = PBXFileReference; lastKnownFileType = wrapper.framework; name = UIKit.framework; path = System/Library/Frameworks/UIKit.framework; sourceTree = SDKROOT; };
		6BF5BF17189B645200B4EA9C /* Get It Done-Info.plist */ = {isa = PBXFileReference; lastKnownFileType = text.plist.xml; path = "Get It Done-Info.plist"; sourceTree = "<group>"; };
		6BF5BF19189B645200B4EA9C /* en */ = {isa = PBXFileReference; lastKnownFileType = text.plist.strings; name = en; path = en.lproj/InfoPlist.strings; sourceTree = "<group>"; };
		6BF5BF1B189B645200B4EA9C /* main.m */ = {isa = PBXFileReference; lastKnownFileType = sourcecode.c.objc; path = main.m; sourceTree = "<group>"; };
		6BF5BF1D189B645200B4EA9C /* Get It Done-Prefix.pch */ = {isa = PBXFileReference; lastKnownFileType = sourcecode.c.h; path = "Get It Done-Prefix.pch"; sourceTree = "<group>"; };
		6BF5BF1E189B645200B4EA9C /* JWCAppDelegate.h */ = {isa = PBXFileReference; lastKnownFileType = sourcecode.c.h; path = JWCAppDelegate.h; sourceTree = "<group>"; };
		6BF5BF1F189B645200B4EA9C /* JWCAppDelegate.m */ = {isa = PBXFileReference; lastKnownFileType = sourcecode.c.objc; path = JWCAppDelegate.m; sourceTree = "<group>"; };
		6BF5BF22189B645200B4EA9C /* Base */ = {isa = PBXFileReference; lastKnownFileType = file.storyboard; name = Base; path = Base.lproj/Main_iPhone.storyboard; sourceTree = "<group>"; };
		6BF5BF25189B645200B4EA9C /* Base */ = {isa = PBXFileReference; lastKnownFileType = file.storyboard; name = Base; path = Base.lproj/Main_iPad.storyboard; sourceTree = "<group>"; };
		6BF5BF27189B645200B4EA9C /* JWCRootViewController.h */ = {isa = PBXFileReference; lastKnownFileType = sourcecode.c.h; path = JWCRootViewController.h; sourceTree = "<group>"; };
		6BF5BF28189B645200B4EA9C /* JWCRootViewController.m */ = {isa = PBXFileReference; lastKnownFileType = sourcecode.c.objc; path = JWCRootViewController.m; sourceTree = "<group>"; };
		6BF5BF2A189B645200B4EA9C /* Images.xcassets */ = {isa = PBXFileReference; lastKnownFileType = folder.assetcatalog; path = Images.xcassets; sourceTree = "<group>"; };
		6BF5BF30189B645200B4EA9C /* Get It DoneTests.xctest */ = {isa = PBXFileReference; explicitFileType = wrapper.cfbundle; includeInIndex = 0; path = "Get It DoneTests.xctest"; sourceTree = BUILT_PRODUCTS_DIR; };
		6BF5BF31189B645200B4EA9C /* XCTest.framework */ = {isa = PBXFileReference; lastKnownFileType = wrapper.framework; name = XCTest.framework; path = Library/Frameworks/XCTest.framework; sourceTree = DEVELOPER_DIR; };
		6BF5BF39189B645200B4EA9C /* Get It DoneTests-Info.plist */ = {isa = PBXFileReference; lastKnownFileType = text.plist.xml; path = "Get It DoneTests-Info.plist"; sourceTree = "<group>"; };
		6BF5BF3B189B645200B4EA9C /* en */ = {isa = PBXFileReference; lastKnownFileType = text.plist.strings; name = en; path = en.lproj/InfoPlist.strings; sourceTree = "<group>"; };
		6BF5BF3D189B645200B4EA9C /* Get_It_DoneTests.m */ = {isa = PBXFileReference; lastKnownFileType = sourcecode.c.objc; path = Get_It_DoneTests.m; sourceTree = "<group>"; };
		6BF5BF48189B64A400B4EA9C /* JWCSoonViewController.h */ = {isa = PBXFileReference; fileEncoding = 4; lastKnownFileType = sourcecode.c.h; path = JWCSoonViewController.h; sourceTree = "<group>"; };
		6BF5BF49189B64A400B4EA9C /* JWCSoonViewController.m */ = {isa = PBXFileReference; fileEncoding = 4; lastKnownFileType = sourcecode.c.objc; path = JWCSoonViewController.m; sourceTree = "<group>"; };
		6BF5BF4B189B64DB00B4EA9C /* JWCAddTaskViewController.h */ = {isa = PBXFileReference; fileEncoding = 4; lastKnownFileType = sourcecode.c.h; path = JWCAddTaskViewController.h; sourceTree = "<group>"; };
		6BF5BF4C189B64DB00B4EA9C /* JWCAddTaskViewController.m */ = {isa = PBXFileReference; fileEncoding = 4; lastKnownFileType = sourcecode.c.objc; path = JWCAddTaskViewController.m; sourceTree = "<group>"; };
		6BF8252118A8B04300CF0DEB /* Social.framework */ = {isa = PBXFileReference; lastKnownFileType = wrapper.framework; name = Social.framework; path = System/Library/Frameworks/Social.framework; sourceTree = SDKROOT; };
		6BFD0A29189C547E008C3698 /* JWCTaskDoneDescribeViewController.h */ = {isa = PBXFileReference; fileEncoding = 4; lastKnownFileType = sourcecode.c.h; path = JWCTaskDoneDescribeViewController.h; sourceTree = "<group>"; };
		6BFD0A2A189C547E008C3698 /* JWCTaskDoneDescribeViewController.m */ = {isa = PBXFileReference; fileEncoding = 4; lastKnownFileType = sourcecode.c.objc; path = JWCTaskDoneDescribeViewController.m; sourceTree = "<group>"; };
		6BFD0A2C189C5C4D008C3698 /* JWCViewControllerAnimatedTransition.h */ = {isa = PBXFileReference; fileEncoding = 4; lastKnownFileType = sourcecode.c.h; path = JWCViewControllerAnimatedTransition.h; sourceTree = "<group>"; };
		6BFD0A2D189C5C4D008C3698 /* JWCViewControllerAnimatedTransition.m */ = {isa = PBXFileReference; fileEncoding = 4; lastKnownFileType = sourcecode.c.objc; path = JWCViewControllerAnimatedTransition.m; sourceTree = "<group>"; };
		6BFD0A37189C6A92008C3698 /* iPhone5_26@2x.png */ = {isa = PBXFileReference; lastKnownFileType = image.png; path = "iPhone5_26@2x.png"; sourceTree = "<group>"; };
		6BFD0A38189C6A92008C3698 /* iPhone5_33@2x.png */ = {isa = PBXFileReference; lastKnownFileType = image.png; path = "iPhone5_33@2x.png"; sourceTree = "<group>"; };
		6BFD0A39189C6A92008C3698 /* iPhone5_34@2x.png */ = {isa = PBXFileReference; lastKnownFileType = image.png; path = "iPhone5_34@2x.png"; sourceTree = "<group>"; };
		6BFD0A3D189C6B88008C3698 /* iPhone5_33Flipped@2x.png */ = {isa = PBXFileReference; lastKnownFileType = image.png; path = "iPhone5_33Flipped@2x.png"; sourceTree = "<group>"; };
		6BFD0A41189C6FC3008C3698 /* M13ProgressConsole.h */ = {isa = PBXFileReference; fileEncoding = 4; lastKnownFileType = sourcecode.c.h; path = M13ProgressConsole.h; sourceTree = "<group>"; };
		6BFD0A42189C6FC3008C3698 /* M13ProgressConsole.m */ = {isa = PBXFileReference; fileEncoding = 4; lastKnownFileType = sourcecode.c.objc; path = M13ProgressConsole.m; sourceTree = "<group>"; };
		6BFD0A44189C6FC3008C3698 /* M13ProgressHUD.h */ = {isa = PBXFileReference; fileEncoding = 4; lastKnownFileType = sourcecode.c.h; path = M13ProgressHUD.h; sourceTree = "<group>"; };
		6BFD0A45189C6FC3008C3698 /* M13ProgressHUD.m */ = {isa = PBXFileReference; fileEncoding = 4; lastKnownFileType = sourcecode.c.objc; path = M13ProgressHUD.m; sourceTree = "<group>"; };
		6BFD0A46189C6FC3008C3698 /* UIImage+ImageEffects.h */ = {isa = PBXFileReference; fileEncoding = 4; lastKnownFileType = sourcecode.c.h; path = "UIImage+ImageEffects.h"; sourceTree = "<group>"; };
		6BFD0A47189C6FC3008C3698 /* UIImage+ImageEffects.m */ = {isa = PBXFileReference; fileEncoding = 4; lastKnownFileType = sourcecode.c.objc; path = "UIImage+ImageEffects.m"; sourceTree = "<group>"; };
		6BFD0A49189C6FC3008C3698 /* UINavigationController+M13ProgressViewBar.h */ = {isa = PBXFileReference; fileEncoding = 4; lastKnownFileType = sourcecode.c.h; path = "UINavigationController+M13ProgressViewBar.h"; sourceTree = "<group>"; };
		6BFD0A4A189C6FC3008C3698 /* UINavigationController+M13ProgressViewBar.m */ = {isa = PBXFileReference; fileEncoding = 4; lastKnownFileType = sourcecode.c.objc; path = "UINavigationController+M13ProgressViewBar.m"; sourceTree = "<group>"; };
		6BFD0A4C189C6FC3008C3698 /* M13ProgressView.h */ = {isa = PBXFileReference; fileEncoding = 4; lastKnownFileType = sourcecode.c.h; path = M13ProgressView.h; sourceTree = "<group>"; };
		6BFD0A4D189C6FC3008C3698 /* M13ProgressView.m */ = {isa = PBXFileReference; fileEncoding = 4; lastKnownFileType = sourcecode.c.objc; path = M13ProgressView.m; sourceTree = "<group>"; };
		6BFD0A4E189C6FC3008C3698 /* M13ProgressViewBar.h */ = {isa = PBXFileReference; fileEncoding = 4; lastKnownFileType = sourcecode.c.h; path = M13ProgressViewBar.h; sourceTree = "<group>"; };
		6BFD0A4F189C6FC3008C3698 /* M13ProgressViewBar.m */ = {isa = PBXFileReference; fileEncoding = 4; lastKnownFileType = sourcecode.c.objc; path = M13ProgressViewBar.m; sourceTree = "<group>"; };
		6BFD0A50189C6FC3008C3698 /* M13ProgressViewBorderedBar.h */ = {isa = PBXFileReference; fileEncoding = 4; lastKnownFileType = sourcecode.c.h; path = M13ProgressViewBorderedBar.h; sourceTree = "<group>"; };
		6BFD0A51189C6FC3008C3698 /* M13ProgressViewBorderedBar.m */ = {isa = PBXFileReference; fileEncoding = 4; lastKnownFileType = sourcecode.c.objc; path = M13ProgressViewBorderedBar.m; sourceTree = "<group>"; };
		6BFD0A52189C6FC3008C3698 /* M13ProgressViewFilteredImage.h */ = {isa = PBXFileReference; fileEncoding = 4; lastKnownFileType = sourcecode.c.h; path = M13ProgressViewFilteredImage.h; sourceTree = "<group>"; };
		6BFD0A53189C6FC3008C3698 /* M13ProgressViewFilteredImage.m */ = {isa = PBXFileReference; fileEncoding = 4; lastKnownFileType = sourcecode.c.objc; path = M13ProgressViewFilteredImage.m; sourceTree = "<group>"; };
		6BFD0A54189C6FC3008C3698 /* M13ProgressViewImage.h */ = {isa = PBXFileReference; fileEncoding = 4; lastKnownFileType = sourcecode.c.h; path = M13ProgressViewImage.h; sourceTree = "<group>"; };
		6BFD0A55189C6FC3008C3698 /* M13ProgressViewImage.m */ = {isa = PBXFileReference; fileEncoding = 4; lastKnownFileType = sourcecode.c.objc; path = M13ProgressViewImage.m; sourceTree = "<group>"; };
		6BFD0A56189C6FC3008C3698 /* M13ProgressViewPie.h */ = {isa = PBXFileReference; fileEncoding = 4; lastKnownFileType = sourcecode.c.h; path = M13ProgressViewPie.h; sourceTree = "<group>"; };
		6BFD0A57189C6FC3008C3698 /* M13ProgressViewPie.m */ = {isa = PBXFileReference; fileEncoding = 4; lastKnownFileType = sourcecode.c.objc; path = M13ProgressViewPie.m; sourceTree = "<group>"; };
		6BFD0A58189C6FC3008C3698 /* M13ProgressViewRing.h */ = {isa = PBXFileReference; fileEncoding = 4; lastKnownFileType = sourcecode.c.h; path = M13ProgressViewRing.h; sourceTree = "<group>"; };
		6BFD0A59189C6FC3008C3698 /* M13ProgressViewRing.m */ = {isa = PBXFileReference; fileEncoding = 4; lastKnownFileType = sourcecode.c.objc; path = M13ProgressViewRing.m; sourceTree = "<group>"; };
		6BFD0A5A189C6FC3008C3698 /* M13ProgressViewSegmentedBar.h */ = {isa = PBXFileReference; fileEncoding = 4; lastKnownFileType = sourcecode.c.h; path = M13ProgressViewSegmentedBar.h; sourceTree = "<group>"; };
		6BFD0A5B189C6FC3008C3698 /* M13ProgressViewSegmentedBar.m */ = {isa = PBXFileReference; fileEncoding = 4; lastKnownFileType = sourcecode.c.objc; path = M13ProgressViewSegmentedBar.m; sourceTree = "<group>"; };
		6BFD0A5C189C6FC3008C3698 /* M13ProgressViewSegmentedRing.h */ = {isa = PBXFileReference; fileEncoding = 4; lastKnownFileType = sourcecode.c.h; path = M13ProgressViewSegmentedRing.h; sourceTree = "<group>"; };
		6BFD0A5D189C6FC3008C3698 /* M13ProgressViewSegmentedRing.m */ = {isa = PBXFileReference; fileEncoding = 4; lastKnownFileType = sourcecode.c.objc; path = M13ProgressViewSegmentedRing.m; sourceTree = "<group>"; };
		6BFD0A5E189C6FC3008C3698 /* M13ProgressViewStripedBar.h */ = {isa = PBXFileReference; fileEncoding = 4; lastKnownFileType = sourcecode.c.h; path = M13ProgressViewStripedBar.h; sourceTree = "<group>"; };
		6BFD0A5F189C6FC3008C3698 /* M13ProgressViewStripedBar.m */ = {isa = PBXFileReference; fileEncoding = 4; lastKnownFileType = sourcecode.c.objc; path = M13ProgressViewStripedBar.m; sourceTree = "<group>"; };
		6BFD0A6F189C7410008C3698 /* UIColor+GetItDoneColors.h */ = {isa = PBXFileReference; fileEncoding = 4; lastKnownFileType = sourcecode.c.h; path = "UIColor+GetItDoneColors.h"; sourceTree = "<group>"; };
		6BFD0A70189C7410008C3698 /* UIColor+GetItDoneColors.m */ = {isa = PBXFileReference; fileEncoding = 4; lastKnownFileType = sourcecode.c.objc; path = "UIColor+GetItDoneColors.m"; sourceTree = "<group>"; };
		6BFFC73918A2E0560099ACB0 /* KGModal.h */ = {isa = PBXFileReference; fileEncoding = 4; lastKnownFileType = sourcecode.c.h; path = KGModal.h; sourceTree = "<group>"; };
		6BFFC73A18A2E0560099ACB0 /* KGModal.m */ = {isa = PBXFileReference; fileEncoding = 4; lastKnownFileType = sourcecode.c.objc; path = KGModal.m; sourceTree = "<group>"; };
		6BFFC73C18A2E16C0099ACB0 /* JWCTaskPartner.h */ = {isa = PBXFileReference; fileEncoding = 4; lastKnownFileType = sourcecode.c.h; name = JWCTaskPartner.h; path = "Get It Done/JWCTaskPartner.h"; sourceTree = "<group>"; };
		6BFFC73D18A2E16C0099ACB0 /* JWCTaskPartner.m */ = {isa = PBXFileReference; fileEncoding = 4; lastKnownFileType = sourcecode.c.objc; name = JWCTaskPartner.m; path = "Get It Done/JWCTaskPartner.m"; sourceTree = "<group>"; };
		6BFFC74518A2E7270099ACB0 /* JWCContactsLoader.h */ = {isa = PBXFileReference; fileEncoding = 4; lastKnownFileType = sourcecode.c.h; name = JWCContactsLoader.h; path = "Get It Done/JWCContactsLoader.h"; sourceTree = "<group>"; };
		6BFFC74618A2E7270099ACB0 /* JWCContactsLoader.m */ = {isa = PBXFileReference; fileEncoding = 4; lastKnownFileType = sourcecode.c.objc; name = JWCContactsLoader.m; path = "Get It Done/JWCContactsLoader.m"; sourceTree = "<group>"; };
		6BFFC74818A2E8410099ACB0 /* MessageUI.framework */ = {isa = PBXFileReference; lastKnownFileType = wrapper.framework; name = MessageUI.framework; path = System/Library/Frameworks/MessageUI.framework; sourceTree = SDKROOT; };
		6BFFC74C18A2E8830099ACB0 /* AddressBook.framework */ = {isa = PBXFileReference; lastKnownFileType = wrapper.framework; name = AddressBook.framework; path = System/Library/Frameworks/AddressBook.framework; sourceTree = SDKROOT; };
		6BFFC78018A309DB0099ACB0 /* JWCSubtask.h */ = {isa = PBXFileReference; fileEncoding = 4; lastKnownFileType = sourcecode.c.h; name = JWCSubtask.h; path = "Get It Done/JWCSubtask.h"; sourceTree = "<group>"; };
		6BFFC78118A309DB0099ACB0 /* JWCSubtask.m */ = {isa = PBXFileReference; fileEncoding = 4; lastKnownFileType = sourcecode.c.objc; name = JWCSubtask.m; path = "Get It Done/JWCSubtask.m"; sourceTree = "<group>"; };
/* End PBXFileReference section */

/* Begin PBXFrameworksBuildPhase section */
		6BF5BF09189B645100B4EA9C /* Frameworks */ = {
			isa = PBXFrameworksBuildPhase;
			buildActionMask = 2147483647;
			files = (
				6BFFC74D18A2E8830099ACB0 /* AddressBook.framework in Frameworks */,
				6BFFC74918A2E8410099ACB0 /* MessageUI.framework in Frameworks */,
				6BF5BF12189B645200B4EA9C /* CoreGraphics.framework in Frameworks */,
				6BF5BF14189B645200B4EA9C /* UIKit.framework in Frameworks */,
				6BF5BF10189B645200B4EA9C /* Foundation.framework in Frameworks */,
			);
			runOnlyForDeploymentPostprocessing = 0;
		};
		6BF5BF2D189B645200B4EA9C /* Frameworks */ = {
			isa = PBXFrameworksBuildPhase;
			buildActionMask = 2147483647;
			files = (
				6BF5BF32189B645200B4EA9C /* XCTest.framework in Frameworks */,
				6BF5BF34189B645200B4EA9C /* UIKit.framework in Frameworks */,
				6BF5BF33189B645200B4EA9C /* Foundation.framework in Frameworks */,
			);
			runOnlyForDeploymentPostprocessing = 0;
		};
/* End PBXFrameworksBuildPhase section */

/* Begin PBXGroup section */
		6B0E1E7018A9592F00883982 /* Proof Cells */ = {
			isa = PBXGroup;
			children = (
				6B0E1E6D18A9591D00883982 /* JWCCollectionViewCellAnswerProofQuestions.h */,
				6B0E1E6E18A9591D00883982 /* JWCCollectionViewCellAnswerProofQuestions.m */,
			);
			name = "Proof Cells";
			sourceTree = "<group>";
		};
		6B0E709718A733E3002B249D /* 4S Sizes */ = {
			isa = PBXGroup;
			children = (
				6B0E709C18A73820002B249D /* iPhone4S_5landscape@2x.png */,
				6B0E709818A733E3002B249D /* iPhone4S_5@2x.png */,
			);
			path = "4S Sizes";
			sourceTree = "<group>";
		};
		6B11A3FD18A5967F009FBDCB /* iPad */ = {
			isa = PBXGroup;
			children = (
			);
			name = iPad;
			sourceTree = "<group>";
		};
		6B135F7118A8265F001046CD /* Task Done Controllers */ = {
			isa = PBXGroup;
			children = (
				6BFD0A29189C547E008C3698 /* JWCTaskDoneDescribeViewController.h */,
				6BFD0A2A189C547E008C3698 /* JWCTaskDoneDescribeViewController.m */,
				6B135F7218A8267E001046CD /* JWCTaskDoneQuestionsViewController.h */,
				6B135F7318A8267E001046CD /* JWCTaskDoneQuestionsViewController.m */,
				6B135F7518A82689001046CD /* JWCTaskDonePictureViewController.h */,
				6B135F7618A82689001046CD /* JWCTaskDonePictureViewController.m */,
			);
			name = "Task Done Controllers";
			sourceTree = "<group>";
		};
		6B178909189D8CDD003664C5 /* SAMultisectorControl */ = {
			isa = PBXGroup;
			children = (
				6B11A40018A59775009FBDCB /* README.md */,
				6B17890A189D8CDD003664C5 /* SAMath.h */,
				6B17890B189D8CDD003664C5 /* SAMath.m */,
				6B17890C189D8CDD003664C5 /* SAMultisectorControl.h */,
				6B17890D189D8CDD003664C5 /* SAMultisectorControl.m */,
			);
			name = SAMultisectorControl;
			path = ../SAMultisectorControl;
			sourceTree = "<group>";
		};
		6B6DF56F189C8C180027761B /* View */ = {
			isa = PBXGroup;
			children = (
				6BF5BF21189B645200B4EA9C /* Main_iPhone.storyboard */,
				6BF5BF24189B645200B4EA9C /* Main_iPad.storyboard */,
				6BA2A7FB18A42A450062C4B0 /* JWCViewLine.h */,
				6BA2A7FC18A42A450062C4B0 /* JWCViewLine.m */,
				6B0E708D18A70401002B249D /* JWCSearchBar.h */,
				6B0E708E18A70401002B249D /* JWCSearchBar.m */,
				6B7705BF18A18B7E007DF72D /* CollectionView Headers */,
				6B7705C018A18B8C007DF72D /* CollectionView Footers */,
				6B7705C118A18B9A007DF72D /* CollectionView Cells */,
			);
			name = View;
			path = ..;
			sourceTree = "<group>";
		};
		6B6DF573189C8D910027761B /* View Data Controllers */ = {
			isa = PBXGroup;
			children = (
				6B0E1E7118A95C0C00883982 /* JWCCollectionViewDataSourceProofQuestions.h */,
				6B0E1E7218A95C0C00883982 /* JWCCollectionViewDataSourceProofQuestions.m */,
				6B7705BC18A175E5007DF72D /* JWCAddTaskCollectionViewDataSource.h */,
				6B7705BD18A175E5007DF72D /* JWCAddTaskCollectionViewDataSource.m */,
				6B6DF570189C8D840027761B /* JWCSoonCollectionViewDataSource.h */,
				6B6DF571189C8D840027761B /* JWCSoonCollectionViewDataSource.m */,
			);
			name = "View Data Controllers";
			sourceTree = "<group>";
		};
		6B6DF577189C8DAB0027761B /* Model */ = {
			isa = PBXGroup;
			children = (
				6B799C4118B14FD6008B1113 /* JWCStatsManager.h */,
				6B799C4218B14FD6008B1113 /* JWCStatsManager.m */,
				6BFFC74518A2E7270099ACB0 /* JWCContactsLoader.h */,
				6BFFC74618A2E7270099ACB0 /* JWCContactsLoader.m */,
				6B6DF574189C8DA20027761B /* JWCTaskManager.h */,
				6B6DF575189C8DA20027761B /* JWCTaskManager.m */,
				6B477ECD18A1D89500A1CD9A /* JWCTask.h */,
				6B477ECE18A1D89500A1CD9A /* JWCTask.m */,
				6BFFC78018A309DB0099ACB0 /* JWCSubtask.h */,
				6BFFC78118A309DB0099ACB0 /* JWCSubtask.m */,
				6BFFC73C18A2E16C0099ACB0 /* JWCTaskPartner.h */,
				6BFFC73D18A2E16C0099ACB0 /* JWCTaskPartner.m */,
				6B2104DC18A9E44B0033D93E /* JWCMessageController.h */,
				6B2104DD18A9E44B0033D93E /* JWCMessageController.m */,
			);
			name = Model;
			path = ..;
			sourceTree = "<group>";
		};
		6B6DF57B189C8F280027761B /* Icons */ = {
			isa = PBXGroup;
			children = (
				6B0E709318A72C86002B249D /* identification.png */,
				6B0E708218A6EE7A002B249D /* Circle.png */,
			);
			name = Icons;
			sourceTree = "<group>";
		};
		6B7705BF18A18B7E007DF72D /* CollectionView Headers */ = {
			isa = PBXGroup;
			children = (
				6B6DF5A0189CA48C0027761B /* JWCSoonCollectionViewHeader.h */,
				6B6DF5A1189CA48C0027761B /* JWCSoonCollectionViewHeader.m */,
				6B501C5218A16629005478E6 /* JWCCollectionViewHeaderAddTask.h */,
				6B501C5318A16629005478E6 /* JWCCollectionViewHeaderAddTask.m */,
				6B0E708A18A703A8002B249D /* JWCCollectionHeaderPartner.h */,
				6B0E708B18A703A8002B249D /* JWCCollectionHeaderPartner.m */,
			);
			name = "CollectionView Headers";
			sourceTree = "<group>";
		};
		6B7705C018A18B8C007DF72D /* CollectionView Footers */ = {
			isa = PBXGroup;
			children = (
				6BA2A7F818A4171A0062C4B0 /* JWCCollectionReusableFooterLabel.h */,
				6BA2A7F918A4171A0062C4B0 /* JWCCollectionReusableFooterLabel.m */,
				6B501C5B18A16C03005478E6 /* JWCAddSubtaskCollectionViewFooter.h */,
				6B501C5C18A16C03005478E6 /* JWCAddSubtaskCollectionViewFooter.m */,
				6B7705CC18A1B10A007DF72D /* JWCCollectionViewFooterAddPartner.h */,
				6B7705CD18A1B10A007DF72D /* JWCCollectionViewFooterAddPartner.m */,
				6B135F6E18A804B3001046CD /* JWCReusableFooterAddSubtaskModalView.h */,
				6B135F6F18A804B3001046CD /* JWCReusableFooterAddSubtaskModalView.m */,
				6B0D66B618A86F900093FE74 /* JWCCollectionViewFooterContactTypeChooser.h */,
				6B0D66B718A86F900093FE74 /* JWCCollectionViewFooterContactTypeChooser.m */,
			);
			name = "CollectionView Footers";
			sourceTree = "<group>";
		};
		6B7705C118A18B9A007DF72D /* CollectionView Cells */ = {
			isa = PBXGroup;
			children = (
				6B0E1E7018A9592F00883982 /* Proof Cells */,
				6B7705CB18A1B077007DF72D /* Soon Cells */,
				6B7705CA18A1B06C007DF72D /* Add Task Cells */,
			);
			name = "CollectionView Cells";
			sourceTree = "<group>";
		};
		6B7705C518A18C14007DF72D /* View Controllers */ = {
			isa = PBXGroup;
			children = (
				6B271D8118A2ACEE00518805 /* JWCViewStatsViewController.h */,
				6B271D8218A2ACEE00518805 /* JWCViewStatsViewController.m */,
				6BF5BF4B189B64DB00B4EA9C /* JWCAddTaskViewController.h */,
				6BF5BF4C189B64DB00B4EA9C /* JWCAddTaskViewController.m */,
				6BF5BF48189B64A400B4EA9C /* JWCSoonViewController.h */,
				6BF5BF49189B64A400B4EA9C /* JWCSoonViewController.m */,
				6BF5BF27189B645200B4EA9C /* JWCRootViewController.h */,
				6BF5BF28189B645200B4EA9C /* JWCRootViewController.m */,
				6B135F7118A8265F001046CD /* Task Done Controllers */,
			);
			name = "View Controllers";
			sourceTree = "<group>";
		};
		6B7705CA18A1B06C007DF72D /* Add Task Cells */ = {
			isa = PBXGroup;
			children = (
				6B7705C718A195E5007DF72D /* JWCCollectionViewCellTitlePoints.h */,
				6B7705C818A195E5007DF72D /* JWCCollectionViewCellTitlePoints.m */,
				6B7705B918A175B9007DF72D /* JWCTaskDescriptionCollectionViewCell.h */,
				6B7705BA18A175B9007DF72D /* JWCTaskDescriptionCollectionViewCell.m */,
				6B7705C218A18BF4007DF72D /* JWCCollectionViewCellProof.h */,
				6B7705C318A18BF4007DF72D /* JWCCollectionViewCellProof.m */,
				6B0E709018A70477002B249D /* JWCCollectionViewCellContact.h */,
				6B0E709118A70477002B249D /* JWCCollectionViewCellContact.m */,
			);
			name = "Add Task Cells";
			sourceTree = "<group>";
		};
		6B7705CB18A1B077007DF72D /* Soon Cells */ = {
			isa = PBXGroup;
			children = (
				6B6DF56C189C8B9B0027761B /* JWCSoonCollectionViewCell.h */,
				6B6DF56D189C8B9B0027761B /* JWCSoonCollectionViewCell.m */,
			);
			name = "Soon Cells";
			sourceTree = "<group>";
		};
		6B799C3218B14363008B1113 /* APAddressBook-master */ = {
			isa = PBXGroup;
			children = (
				6B799C3318B14363008B1113 /* AddressBook */,
				6B799C3518B14363008B1113 /* Classes */,
				6B799C3B18B14363008B1113 /* LICENSE.txt */,
				6B799C3C18B14363008B1113 /* README.md */,
			);
			path = "APAddressBook-master";
			sourceTree = "<group>";
		};
		6B799C3318B14363008B1113 /* AddressBook */ = {
			isa = PBXGroup;
			children = (
				6B799C3418B14363008B1113 /* AddressBook */,
			);
			path = AddressBook;
			sourceTree = "<group>";
		};
		6B799C3418B14363008B1113 /* AddressBook */ = {
			isa = PBXGroup;
			children = (
			);
			path = AddressBook;
			sourceTree = "<group>";
		};
		6B799C3518B14363008B1113 /* Classes */ = {
			isa = PBXGroup;
			children = (
				6B799C3618B14363008B1113 /* APAddressBook.h */,
				6B799C3718B14363008B1113 /* APAddressBook.m */,
				6B799C3818B14363008B1113 /* APContact.h */,
				6B799C3918B14363008B1113 /* APContact.m */,
				6B799C3A18B14363008B1113 /* APTypes.h */,
			);
			path = Classes;
			sourceTree = "<group>";
		};
		6B799C4718B161F6008B1113 /* BEMSimpleLineGraph-master */ = {
			isa = PBXGroup;
			children = (
				6B799C4918B161F6008B1113 /* Classes */,
				6B799C5218B161F6008B1113 /* LICENSE */,
				6B799C5318B161F6008B1113 /* README.md */,
			);
			path = "BEMSimpleLineGraph-master";
			sourceTree = "<group>";
		};
		6B799C4918B161F6008B1113 /* Classes */ = {
			isa = PBXGroup;
			children = (
				6B799C4A18B161F6008B1113 /* BEMAnimations.h */,
				6B799C4B18B161F6008B1113 /* BEMAnimations.m */,
				6B799C4C18B161F6008B1113 /* BEMCircle.h */,
				6B799C4D18B161F6008B1113 /* BEMCircle.m */,
				6B799C4E18B161F6008B1113 /* BEMLine.h */,
				6B799C4F18B161F6008B1113 /* BEMLine.m */,
				6B799C5018B161F6008B1113 /* BEMSimpleLineGraphView.h */,
				6B799C5118B161F6008B1113 /* BEMSimpleLineGraphView.m */,
			);
			path = Classes;
			sourceTree = "<group>";
		};
		6BF5BF03189B645100B4EA9C = {
			isa = PBXGroup;
			children = (
				6BF5BF15189B645200B4EA9C /* Get It Done */,
				6BF5BF37189B645200B4EA9C /* Get It DoneTests */,
				6BF5BF0E189B645200B4EA9C /* Frameworks */,
				6BF5BF0D189B645200B4EA9C /* Products */,
			);
			sourceTree = "<group>";
		};
		6BF5BF0D189B645200B4EA9C /* Products */ = {
			isa = PBXGroup;
			children = (
				6BF5BF0C189B645200B4EA9C /* Get It Done.app */,
				6BF5BF30189B645200B4EA9C /* Get It DoneTests.xctest */,
			);
			name = Products;
			sourceTree = "<group>";
		};
		6BF5BF0E189B645200B4EA9C /* Frameworks */ = {
			isa = PBXGroup;
			children = (
				6BF8252118A8B04300CF0DEB /* Social.framework */,
				6BFFC74C18A2E8830099ACB0 /* AddressBook.framework */,
				6BFFC74818A2E8410099ACB0 /* MessageUI.framework */,
				6BF5BF0F189B645200B4EA9C /* Foundation.framework */,
				6BF5BF11189B645200B4EA9C /* CoreGraphics.framework */,
				6BF5BF13189B645200B4EA9C /* UIKit.framework */,
				6BF5BF31189B645200B4EA9C /* XCTest.framework */,
			);
			name = Frameworks;
			sourceTree = "<group>";
		};
		6BF5BF15189B645200B4EA9C /* Get It Done */ = {
			isa = PBXGroup;
			children = (
				6B11A3FD18A5967F009FBDCB /* iPad */,
				6BF5BF1E189B645200B4EA9C /* JWCAppDelegate.h */,
				6BF5BF1F189B645200B4EA9C /* JWCAppDelegate.m */,
				6B6DF577189C8DAB0027761B /* Model */,
				6B6DF56F189C8C180027761B /* View */,
				6BF5BF47189B647B00B4EA9C /* Controllers */,
				6BFD0A2F189C5C53008C3698 /* Custom Transitions */,
				6BF5BF2A189B645200B4EA9C /* Images.xcassets */,
				6BF5BF16189B645200B4EA9C /* Supporting Files */,
			);
			path = "Get It Done";
			sourceTree = "<group>";
		};
		6BF5BF16189B645200B4EA9C /* Supporting Files */ = {
			isa = PBXGroup;
			children = (
				6B6DF57B189C8F280027761B /* Icons */,
				6BFD0A6E189C73D3008C3698 /* Categories */,
				6BFD0A30189C68FB008C3698 /* Backgrounds */,
				6BFFC73818A2E03E0099ACB0 /* Third Party */,
				6BF5BF17189B645200B4EA9C /* Get It Done-Info.plist */,
				6BF5BF18189B645200B4EA9C /* InfoPlist.strings */,
				6BF5BF1B189B645200B4EA9C /* main.m */,
				6BF5BF1D189B645200B4EA9C /* Get It Done-Prefix.pch */,
				6B7705C618A191B9007DF72D /* Constants.h */,
			);
			name = "Supporting Files";
			sourceTree = "<group>";
		};
		6BF5BF37189B645200B4EA9C /* Get It DoneTests */ = {
			isa = PBXGroup;
			children = (
				6BF5BF3D189B645200B4EA9C /* Get_It_DoneTests.m */,
				6BF5BF38189B645200B4EA9C /* Supporting Files */,
			);
			path = "Get It DoneTests";
			sourceTree = "<group>";
		};
		6BF5BF38189B645200B4EA9C /* Supporting Files */ = {
			isa = PBXGroup;
			children = (
				6BF5BF39189B645200B4EA9C /* Get It DoneTests-Info.plist */,
				6BF5BF3A189B645200B4EA9C /* InfoPlist.strings */,
			);
			name = "Supporting Files";
			sourceTree = "<group>";
		};
		6BF5BF47189B647B00B4EA9C /* Controllers */ = {
			isa = PBXGroup;
			children = (
				6B6DF573189C8D910027761B /* View Data Controllers */,
				6B7705C518A18C14007DF72D /* View Controllers */,
			);
			name = Controllers;
			sourceTree = "<group>";
		};
		6BFD0A2F189C5C53008C3698 /* Custom Transitions */ = {
			isa = PBXGroup;
			children = (
				6B271D7E18A2AC8A00518805 /* JWCBottomUpSegue.h */,
				6B271D7F18A2AC8A00518805 /* JWCBottomUpSegue.m */,
				6BFD0A2C189C5C4D008C3698 /* JWCViewControllerAnimatedTransition.h */,
				6BFD0A2D189C5C4D008C3698 /* JWCViewControllerAnimatedTransition.m */,
			);
			name = "Custom Transitions";
			sourceTree = "<group>";
		};
		6BFD0A30189C68FB008C3698 /* Backgrounds */ = {
			isa = PBXGroup;
			children = (
				6B799C2E18B142B4008B1113 /* denim.jpg */,
				6B799C2F18B142B4008B1113 /* rough.jpg */,
				6B7B6A1118AB416C0099A60F /* iPhone4S_6@2x.png */,
				6B7B6A1218AB416C0099A60F /* iPhone4S_6Blurred@2x.png */,
				6B7B6A0F18AB3F8E0099A60F /* iPhone5_6Blurred@2x.png */,
				6B7B6A0C18AB3C490099A60F /* iPhone5_6@2x.png */,
				6B0E709718A733E3002B249D /* 4S Sizes */,
				6B0E709518A731D2002B249D /* iPhone5_5DarkDown@2x.png */,
				6B0E708818A6FEF9002B249D /* iPhone5_18landscapeflipped@2x.png */,
				6B0E708418A6F2EC002B249D /* iPhone5_18flipped@2x.png */,
				6B0E708518A6F2EC002B249D /* iPhone5_18landscape@2x.png */,
				6B0E708018A6E8AF002B249D /* iPhone5_18@2x.png */,
				6B0E707E18A6E45C002B249D /* iPhone5_2@2x.png */,
				6BF5316618A4D7D700D90E5E /* iPhone5_5@2x.png */,
				6BF5317018A4D80100D90E5E /* iPhone5_4@2x.png */,
				6BF5316718A4D7D700D90E5E /* iPhone5_7@2x.png */,
				6BF5316818A4D7D700D90E5E /* iPhone5_8@2x.png */,
				6BF5316918A4D7D700D90E5E /* iPhone5_15@2x.png */,
				6BF5316A18A4D7D700D90E5E /* iPhone5_17@2x.png */,
				6B1394D118A4937400CB32FA /* iPhone5_33DarkUpperRight@2x.png */,
				6B178910189DB962003664C5 /* iPhone5_33landscape@2x.png */,
				6BFD0A3D189C6B88008C3698 /* iPhone5_33Flipped@2x.png */,
				6BFD0A37189C6A92008C3698 /* iPhone5_26@2x.png */,
				6BFD0A38189C6A92008C3698 /* iPhone5_33@2x.png */,
				6BFD0A39189C6A92008C3698 /* iPhone5_34@2x.png */,
			);
			name = Backgrounds;
			sourceTree = "<group>";
		};
		6BFD0A3F189C6FC3008C3698 /* M13ProgressSuiteClasses */ = {
			isa = PBXGroup;
			children = (
				6BFD0A40189C6FC3008C3698 /* Console */,
				6BFD0A43189C6FC3008C3698 /* HUD */,
				6BFD0A48189C6FC3008C3698 /* NavigationController */,
				6BFD0A4B189C6FC3008C3698 /* ProgressViews */,
			);
			name = M13ProgressSuiteClasses;
			path = ../Classes;
			sourceTree = "<group>";
		};
		6BFD0A40189C6FC3008C3698 /* Console */ = {
			isa = PBXGroup;
			children = (
				6BFD0A41189C6FC3008C3698 /* M13ProgressConsole.h */,
				6BFD0A42189C6FC3008C3698 /* M13ProgressConsole.m */,
			);
			path = Console;
			sourceTree = "<group>";
		};
		6BFD0A43189C6FC3008C3698 /* HUD */ = {
			isa = PBXGroup;
			children = (
				6BFD0A44189C6FC3008C3698 /* M13ProgressHUD.h */,
				6BFD0A45189C6FC3008C3698 /* M13ProgressHUD.m */,
				6BFD0A46189C6FC3008C3698 /* UIImage+ImageEffects.h */,
				6BFD0A47189C6FC3008C3698 /* UIImage+ImageEffects.m */,
			);
			path = HUD;
			sourceTree = "<group>";
		};
		6BFD0A48189C6FC3008C3698 /* NavigationController */ = {
			isa = PBXGroup;
			children = (
				6BFD0A49189C6FC3008C3698 /* UINavigationController+M13ProgressViewBar.h */,
				6BFD0A4A189C6FC3008C3698 /* UINavigationController+M13ProgressViewBar.m */,
			);
			path = NavigationController;
			sourceTree = "<group>";
		};
		6BFD0A4B189C6FC3008C3698 /* ProgressViews */ = {
			isa = PBXGroup;
			children = (
				6BFD0A4C189C6FC3008C3698 /* M13ProgressView.h */,
				6BFD0A4D189C6FC3008C3698 /* M13ProgressView.m */,
				6BFD0A4E189C6FC3008C3698 /* M13ProgressViewBar.h */,
				6BFD0A4F189C6FC3008C3698 /* M13ProgressViewBar.m */,
				6BFD0A50189C6FC3008C3698 /* M13ProgressViewBorderedBar.h */,
				6BFD0A51189C6FC3008C3698 /* M13ProgressViewBorderedBar.m */,
				6BFD0A52189C6FC3008C3698 /* M13ProgressViewFilteredImage.h */,
				6BFD0A53189C6FC3008C3698 /* M13ProgressViewFilteredImage.m */,
				6BFD0A54189C6FC3008C3698 /* M13ProgressViewImage.h */,
				6BFD0A55189C6FC3008C3698 /* M13ProgressViewImage.m */,
				6BFD0A56189C6FC3008C3698 /* M13ProgressViewPie.h */,
				6BFD0A57189C6FC3008C3698 /* M13ProgressViewPie.m */,
				6BFD0A58189C6FC3008C3698 /* M13ProgressViewRing.h */,
				6BFD0A59189C6FC3008C3698 /* M13ProgressViewRing.m */,
				6BFD0A5A189C6FC3008C3698 /* M13ProgressViewSegmentedBar.h */,
				6BFD0A5B189C6FC3008C3698 /* M13ProgressViewSegmentedBar.m */,
				6BFD0A5C189C6FC3008C3698 /* M13ProgressViewSegmentedRing.h */,
				6BFD0A5D189C6FC3008C3698 /* M13ProgressViewSegmentedRing.m */,
				6BFD0A5E189C6FC3008C3698 /* M13ProgressViewStripedBar.h */,
				6BFD0A5F189C6FC3008C3698 /* M13ProgressViewStripedBar.m */,
			);
			path = ProgressViews;
			sourceTree = "<group>";
		};
		6BFD0A6E189C73D3008C3698 /* Categories */ = {
			isa = PBXGroup;
			children = (
				6B799C4418B15540008B1113 /* NSDate+DateFormatter.h */,
				6B799C4518B15540008B1113 /* NSDate+DateFormatter.m */,
				6BFD0A6F189C7410008C3698 /* UIColor+GetItDoneColors.h */,
				6BFD0A70189C7410008C3698 /* UIColor+GetItDoneColors.m */,
			);
			name = Categories;
			sourceTree = "<group>";
		};
		6BFFC73718A2E02B0099ACB0 /* KGModalView */ = {
			isa = PBXGroup;
			children = (
				6B11A3FE18A5973E009FBDCB /* license.txt */,
				6BFFC73918A2E0560099ACB0 /* KGModal.h */,
				6BFFC73A18A2E0560099ACB0 /* KGModal.m */,
			);
			name = KGModalView;
			sourceTree = "<group>";
		};
		6BFFC73818A2E03E0099ACB0 /* Third Party */ = {
			isa = PBXGroup;
			children = (
				6B799C4718B161F6008B1113 /* BEMSimpleLineGraph-master */,
				6B799C3218B14363008B1113 /* APAddressBook-master */,
				6BFD0A3F189C6FC3008C3698 /* M13ProgressSuiteClasses */,
				6B178909189D8CDD003664C5 /* SAMultisectorControl */,
				6BFFC73718A2E02B0099ACB0 /* KGModalView */,
			);
			name = "Third Party";
			sourceTree = "<group>";
		};
/* End PBXGroup section */

/* Begin PBXNativeTarget section */
		6BF5BF0B189B645100B4EA9C /* Get It Done */ = {
			isa = PBXNativeTarget;
			buildConfigurationList = 6BF5BF41189B645200B4EA9C /* Build configuration list for PBXNativeTarget "Get It Done" */;
			buildPhases = (
				6BF5BF08189B645100B4EA9C /* Sources */,
				6BF5BF09189B645100B4EA9C /* Frameworks */,
				6BF5BF0A189B645100B4EA9C /* Resources */,
			);
			buildRules = (
			);
			dependencies = (
			);
			name = "Get It Done";
			productName = "Get It Done";
			productReference = 6BF5BF0C189B645200B4EA9C /* Get It Done.app */;
			productType = "com.apple.product-type.application";
		};
		6BF5BF2F189B645200B4EA9C /* Get It DoneTests */ = {
			isa = PBXNativeTarget;
			buildConfigurationList = 6BF5BF44189B645200B4EA9C /* Build configuration list for PBXNativeTarget "Get It DoneTests" */;
			buildPhases = (
				6BF5BF2C189B645200B4EA9C /* Sources */,
				6BF5BF2D189B645200B4EA9C /* Frameworks */,
				6BF5BF2E189B645200B4EA9C /* Resources */,
			);
			buildRules = (
			);
			dependencies = (
				6BF5BF36189B645200B4EA9C /* PBXTargetDependency */,
			);
			name = "Get It DoneTests";
			productName = "Get It DoneTests";
			productReference = 6BF5BF30189B645200B4EA9C /* Get It DoneTests.xctest */;
			productType = "com.apple.product-type.bundle.unit-test";
		};
/* End PBXNativeTarget section */

/* Begin PBXProject section */
		6BF5BF04189B645100B4EA9C /* Project object */ = {
			isa = PBXProject;
			attributes = {
				CLASSPREFIX = JWC;
				LastUpgradeCheck = 0500;
				ORGANIZATIONNAME = "Jeff Schwab";
				TargetAttributes = {
					6BF5BF0B189B645100B4EA9C = {
						DevelopmentTeam = UQCRLH6BPC;
					};
					6BF5BF2F189B645200B4EA9C = {
						TestTargetID = 6BF5BF0B189B645100B4EA9C;
					};
				};
			};
			buildConfigurationList = 6BF5BF07189B645100B4EA9C /* Build configuration list for PBXProject "Get It Done" */;
			compatibilityVersion = "Xcode 3.2";
			developmentRegion = English;
			hasScannedForEncodings = 0;
			knownRegions = (
				en,
				Base,
			);
			mainGroup = 6BF5BF03189B645100B4EA9C;
			productRefGroup = 6BF5BF0D189B645200B4EA9C /* Products */;
			projectDirPath = "";
			projectRoot = "";
			targets = (
				6BF5BF0B189B645100B4EA9C /* Get It Done */,
				6BF5BF2F189B645200B4EA9C /* Get It DoneTests */,
			);
		};
/* End PBXProject section */

/* Begin PBXResourcesBuildPhase section */
		6BF5BF0A189B645100B4EA9C /* Resources */ = {
			isa = PBXResourcesBuildPhase;
			buildActionMask = 2147483647;
			files = (
				6B799C3118B142B4008B1113 /* rough.jpg in Resources */,
				6B0E709A18A733E3002B249D /* iPhone4S_5@2x.png in Resources */,
				6B11A3FF18A5973E009FBDCB /* license.txt in Resources */,
				6BF5BF26189B645200B4EA9C /* Main_iPad.storyboard in Resources */,
				6B11A40118A59775009FBDCB /* README.md in Resources */,
				6B0E708918A6FEF9002B249D /* iPhone5_18landscapeflipped@2x.png in Resources */,
				6B0E709618A731D2002B249D /* iPhone5_5DarkDown@2x.png in Resources */,
				6BFD0A3C189C6A92008C3698 /* iPhone5_34@2x.png in Resources */,
				6B178911189DB962003664C5 /* iPhone5_33landscape@2x.png in Resources */,
				6B7B6A1318AB416C0099A60F /* iPhone4S_6@2x.png in Resources */,
				6BFD0A3B189C6A92008C3698 /* iPhone5_33@2x.png in Resources */,
				6B799C3F18B14363008B1113 /* LICENSE.txt in Resources */,
				6B0E708318A6EE7A002B249D /* Circle.png in Resources */,
				6BF5BF2B189B645200B4EA9C /* Images.xcassets in Resources */,
				6BF5316C18A4D7D700D90E5E /* iPhone5_7@2x.png in Resources */,
				6BF5316D18A4D7D700D90E5E /* iPhone5_8@2x.png in Resources */,
				6BF5316F18A4D7D700D90E5E /* iPhone5_17@2x.png in Resources */,
				6B1394D218A4937400CB32FA /* iPhone5_33DarkUpperRight@2x.png in Resources */,
				6B0E707F18A6E45C002B249D /* iPhone5_2@2x.png in Resources */,
				6BF5316B18A4D7D700D90E5E /* iPhone5_5@2x.png in Resources */,
				6BF5317118A4D80100D90E5E /* iPhone5_4@2x.png in Resources */,
				6B7B6A1418AB416C0099A60F /* iPhone4S_6Blurred@2x.png in Resources */,
				6B0E708618A6F2EC002B249D /* iPhone5_18flipped@2x.png in Resources */,
				6B0E708118A6E8AF002B249D /* iPhone5_18@2x.png in Resources */,
				6B799C3018B142B4008B1113 /* denim.jpg in Resources */,
				6B7B6A1018AB3F8E0099A60F /* iPhone5_6Blurred@2x.png in Resources */,
				6BF5316E18A4D7D700D90E5E /* iPhone5_15@2x.png in Resources */,
				6BF5BF23189B645200B4EA9C /* Main_iPhone.storyboard in Resources */,
				6B799C4018B14363008B1113 /* README.md in Resources */,
				6B799C7018B161F6008B1113 /* README.md in Resources */,
				6B799C6F18B161F6008B1113 /* LICENSE in Resources */,
				6B0E709D18A73820002B249D /* iPhone4S_5landscape@2x.png in Resources */,
				6B7B6A0D18AB3C490099A60F /* iPhone5_6@2x.png in Resources */,
				6BF5BF1A189B645200B4EA9C /* InfoPlist.strings in Resources */,
				6BFD0A3E189C6B88008C3698 /* iPhone5_33Flipped@2x.png in Resources */,
				6B0E708718A6F2EC002B249D /* iPhone5_18landscape@2x.png in Resources */,
				6BFD0A3A189C6A92008C3698 /* iPhone5_26@2x.png in Resources */,
				6B0E709418A72C86002B249D /* identification.png in Resources */,
			);
			runOnlyForDeploymentPostprocessing = 0;
		};
		6BF5BF2E189B645200B4EA9C /* Resources */ = {
			isa = PBXResourcesBuildPhase;
			buildActionMask = 2147483647;
			files = (
				6BF5BF3C189B645200B4EA9C /* InfoPlist.strings in Resources */,
			);
			runOnlyForDeploymentPostprocessing = 0;
		};
/* End PBXResourcesBuildPhase section */

/* Begin PBXSourcesBuildPhase section */
		6BF5BF08189B645100B4EA9C /* Sources */ = {
			isa = PBXSourcesBuildPhase;
			buildActionMask = 2147483647;
			files = (
				6B0D66B818A86F900093FE74 /* JWCCollectionViewFooterContactTypeChooser.m in Sources */,
				6B7705BB18A175B9007DF72D /* JWCTaskDescriptionCollectionViewCell.m in Sources */,
				6B799C3E18B14363008B1113 /* APContact.m in Sources */,
				6B501C5418A16629005478E6 /* JWCCollectionViewHeaderAddTask.m in Sources */,
				6B799C4318B14FD6008B1113 /* JWCStatsManager.m in Sources */,
				6B799C6D18B161F6008B1113 /* BEMLine.m in Sources */,
				6B7705CE18A1B10A007DF72D /* JWCCollectionViewFooterAddPartner.m in Sources */,
				6B0E708C18A703A8002B249D /* JWCCollectionHeaderPartner.m in Sources */,
				6B6DF56E189C8B9B0027761B /* JWCSoonCollectionViewCell.m in Sources */,
				6B7705C918A195E5007DF72D /* JWCCollectionViewCellTitlePoints.m in Sources */,
				6BFD0A60189C6FC3008C3698 /* M13ProgressConsole.m in Sources */,
				6BFD0A63189C6FC3008C3698 /* UINavigationController+M13ProgressViewBar.m in Sources */,
				6B17890F189D8CDD003664C5 /* SAMultisectorControl.m in Sources */,
				6BF5BF4A189B64A400B4EA9C /* JWCSoonViewController.m in Sources */,
				6BFD0A6A189C6FC3008C3698 /* M13ProgressViewRing.m in Sources */,
				6BA2A7FA18A4171A0062C4B0 /* JWCCollectionReusableFooterLabel.m in Sources */,
				6BFFC74718A2E7270099ACB0 /* JWCContactsLoader.m in Sources */,
				6B501C5D18A16C03005478E6 /* JWCAddSubtaskCollectionViewFooter.m in Sources */,
				6B477ECF18A1D89500A1CD9A /* JWCTask.m in Sources */,
				6B0E708F18A70401002B249D /* JWCSearchBar.m in Sources */,
				6BFD0A2E189C5C4D008C3698 /* JWCViewControllerAnimatedTransition.m in Sources */,
				6B799C6C18B161F6008B1113 /* BEMCircle.m in Sources */,
				6BFD0A6B189C6FC3008C3698 /* M13ProgressViewSegmentedBar.m in Sources */,
				6BFFC73E18A2E16C0099ACB0 /* JWCTaskPartner.m in Sources */,
				6BF5BF1C189B645200B4EA9C /* main.m in Sources */,
				6BFFC73B18A2E0560099ACB0 /* KGModal.m in Sources */,
				6B6DF576189C8DA20027761B /* JWCTaskManager.m in Sources */,
				6B2104DE18A9E44B0033D93E /* JWCMessageController.m in Sources */,
				6BFD0A68189C6FC3008C3698 /* M13ProgressViewImage.m in Sources */,
				6BFD0A64189C6FC3008C3698 /* M13ProgressView.m in Sources */,
				6BFD0A69189C6FC3008C3698 /* M13ProgressViewPie.m in Sources */,
				6B271D8018A2AC8A00518805 /* JWCBottomUpSegue.m in Sources */,
				6B0E709218A70477002B249D /* JWCCollectionViewCellContact.m in Sources */,
				6B271D8318A2ACEE00518805 /* JWCViewStatsViewController.m in Sources */,
				6B799C6E18B161F6008B1113 /* BEMSimpleLineGraphView.m in Sources */,
				6BA2A7FD18A42A450062C4B0 /* JWCViewLine.m in Sources */,
				6BFD0A6D189C6FC3008C3698 /* M13ProgressViewStripedBar.m in Sources */,
				6BFD0A6C189C6FC3008C3698 /* M13ProgressViewSegmentedRing.m in Sources */,
				6BF5BF20189B645200B4EA9C /* JWCAppDelegate.m in Sources */,
				6B799C3D18B14363008B1113 /* APAddressBook.m in Sources */,
				6B135F7018A804B3001046CD /* JWCReusableFooterAddSubtaskModalView.m in Sources */,
				6B0E1E6F18A9591D00883982 /* JWCCollectionViewCellAnswerProofQuestions.m in Sources */,
				6B0E1E7318A95C0C00883982 /* JWCCollectionViewDataSourceProofQuestions.m in Sources */,
				6B6DF572189C8D840027761B /* JWCSoonCollectionViewDataSource.m in Sources */,
				6BFD0A65189C6FC3008C3698 /* M13ProgressViewBar.m in Sources */,
				6B799C4618B15540008B1113 /* NSDate+DateFormatter.m in Sources */,
				6BFD0A66189C6FC3008C3698 /* M13ProgressViewBorderedBar.m in Sources */,
				6BF5BF29189B645200B4EA9C /* JWCRootViewController.m in Sources */,
				6BFD0A62189C6FC3008C3698 /* UIImage+ImageEffects.m in Sources */,
				6BFD0A2B189C547E008C3698 /* JWCTaskDoneDescribeViewController.m in Sources */,
				6B799C6B18B161F6008B1113 /* BEMAnimations.m in Sources */,
				6B7705C418A18BF4007DF72D /* JWCCollectionViewCellProof.m in Sources */,
				6B7705BE18A175E5007DF72D /* JWCAddTaskCollectionViewDataSource.m in Sources */,
				6BFD0A71189C7410008C3698 /* UIColor+GetItDoneColors.m in Sources */,
				6BF5BF4D189B64DB00B4EA9C /* JWCAddTaskViewController.m in Sources */,
				6B135F7718A82689001046CD /* JWCTaskDonePictureViewController.m in Sources */,
				6BFD0A61189C6FC3008C3698 /* M13ProgressHUD.m in Sources */,
				6B17890E189D8CDD003664C5 /* SAMath.m in Sources */,
				6BFD0A67189C6FC3008C3698 /* M13ProgressViewFilteredImage.m in Sources */,
				6BFFC78218A309DB0099ACB0 /* JWCSubtask.m in Sources */,
				6B6DF5A2189CA48C0027761B /* JWCSoonCollectionViewHeader.m in Sources */,
				6B135F7418A8267E001046CD /* JWCTaskDoneQuestionsViewController.m in Sources */,
			);
			runOnlyForDeploymentPostprocessing = 0;
		};
		6BF5BF2C189B645200B4EA9C /* Sources */ = {
			isa = PBXSourcesBuildPhase;
			buildActionMask = 2147483647;
			files = (
				6BF5BF3E189B645200B4EA9C /* Get_It_DoneTests.m in Sources */,
			);
			runOnlyForDeploymentPostprocessing = 0;
		};
/* End PBXSourcesBuildPhase section */

/* Begin PBXTargetDependency section */
		6BF5BF36189B645200B4EA9C /* PBXTargetDependency */ = {
			isa = PBXTargetDependency;
			target = 6BF5BF0B189B645100B4EA9C /* Get It Done */;
			targetProxy = 6BF5BF35189B645200B4EA9C /* PBXContainerItemProxy */;
		};
/* End PBXTargetDependency section */

/* Begin PBXVariantGroup section */
		6BF5BF18189B645200B4EA9C /* InfoPlist.strings */ = {
			isa = PBXVariantGroup;
			children = (
				6BF5BF19189B645200B4EA9C /* en */,
			);
			name = InfoPlist.strings;
			sourceTree = "<group>";
		};
		6BF5BF21189B645200B4EA9C /* Main_iPhone.storyboard */ = {
			isa = PBXVariantGroup;
			children = (
				6BF5BF22189B645200B4EA9C /* Base */,
			);
			name = Main_iPhone.storyboard;
			path = "Get It Done";
			sourceTree = "<group>";
		};
		6BF5BF24189B645200B4EA9C /* Main_iPad.storyboard */ = {
			isa = PBXVariantGroup;
			children = (
				6BF5BF25189B645200B4EA9C /* Base */,
			);
			name = Main_iPad.storyboard;
			path = "Get It Done";
			sourceTree = "<group>";
		};
		6BF5BF3A189B645200B4EA9C /* InfoPlist.strings */ = {
			isa = PBXVariantGroup;
			children = (
				6BF5BF3B189B645200B4EA9C /* en */,
			);
			name = InfoPlist.strings;
			sourceTree = "<group>";
		};
/* End PBXVariantGroup section */

/* Begin XCBuildConfiguration section */
		6BF5BF3F189B645200B4EA9C /* Debug */ = {
			isa = XCBuildConfiguration;
			buildSettings = {
				ALWAYS_SEARCH_USER_PATHS = NO;
				ARCHS = "$(ARCHS_STANDARD_INCLUDING_64_BIT)";
				CLANG_CXX_LANGUAGE_STANDARD = "gnu++0x";
				CLANG_CXX_LIBRARY = "libc++";
				CLANG_ENABLE_MODULES = YES;
				CLANG_ENABLE_OBJC_ARC = YES;
				CLANG_WARN_BOOL_CONVERSION = YES;
				CLANG_WARN_CONSTANT_CONVERSION = YES;
				CLANG_WARN_DIRECT_OBJC_ISA_USAGE = YES_ERROR;
				CLANG_WARN_EMPTY_BODY = YES;
				CLANG_WARN_ENUM_CONVERSION = YES;
				CLANG_WARN_INT_CONVERSION = YES;
				CLANG_WARN_OBJC_ROOT_CLASS = YES_ERROR;
				CLANG_WARN__DUPLICATE_METHOD_MATCH = YES;
				"CODE_SIGN_IDENTITY[sdk=iphoneos*]" = "iPhone Developer";
				COPY_PHASE_STRIP = NO;
				GCC_C_LANGUAGE_STANDARD = gnu99;
				GCC_DYNAMIC_NO_PIC = NO;
				GCC_OPTIMIZATION_LEVEL = 0;
				GCC_PREPROCESSOR_DEFINITIONS = (
					"DEBUG=1",
					"$(inherited)",
				);
				GCC_SYMBOLS_PRIVATE_EXTERN = NO;
				GCC_WARN_64_TO_32_BIT_CONVERSION = YES;
				GCC_WARN_ABOUT_RETURN_TYPE = YES_ERROR;
				GCC_WARN_UNDECLARED_SELECTOR = YES;
				GCC_WARN_UNINITIALIZED_AUTOS = YES;
				GCC_WARN_UNUSED_FUNCTION = YES;
				GCC_WARN_UNUSED_VARIABLE = YES;
				IPHONEOS_DEPLOYMENT_TARGET = 7.0;
				ONLY_ACTIVE_ARCH = YES;
				SDKROOT = iphoneos;
				TARGETED_DEVICE_FAMILY = "1,2";
			};
			name = Debug;
		};
		6BF5BF40189B645200B4EA9C /* Release */ = {
			isa = XCBuildConfiguration;
			buildSettings = {
				ALWAYS_SEARCH_USER_PATHS = NO;
				ARCHS = "$(ARCHS_STANDARD_INCLUDING_64_BIT)";
				CLANG_CXX_LANGUAGE_STANDARD = "gnu++0x";
				CLANG_CXX_LIBRARY = "libc++";
				CLANG_ENABLE_MODULES = YES;
				CLANG_ENABLE_OBJC_ARC = YES;
				CLANG_WARN_BOOL_CONVERSION = YES;
				CLANG_WARN_CONSTANT_CONVERSION = YES;
				CLANG_WARN_DIRECT_OBJC_ISA_USAGE = YES_ERROR;
				CLANG_WARN_EMPTY_BODY = YES;
				CLANG_WARN_ENUM_CONVERSION = YES;
				CLANG_WARN_INT_CONVERSION = YES;
				CLANG_WARN_OBJC_ROOT_CLASS = YES_ERROR;
				CLANG_WARN__DUPLICATE_METHOD_MATCH = YES;
				"CODE_SIGN_IDENTITY[sdk=iphoneos*]" = "iPhone Developer";
				COPY_PHASE_STRIP = YES;
				ENABLE_NS_ASSERTIONS = NO;
				GCC_C_LANGUAGE_STANDARD = gnu99;
				GCC_WARN_64_TO_32_BIT_CONVERSION = YES;
				GCC_WARN_ABOUT_RETURN_TYPE = YES_ERROR;
				GCC_WARN_UNDECLARED_SELECTOR = YES;
				GCC_WARN_UNINITIALIZED_AUTOS = YES;
				GCC_WARN_UNUSED_FUNCTION = YES;
				GCC_WARN_UNUSED_VARIABLE = YES;
				IPHONEOS_DEPLOYMENT_TARGET = 7.0;
				SDKROOT = iphoneos;
				TARGETED_DEVICE_FAMILY = "1,2";
				VALIDATE_PRODUCT = YES;
			};
			name = Release;
		};
		6BF5BF42189B645200B4EA9C /* Debug */ = {
			isa = XCBuildConfiguration;
			buildSettings = {
				ASSETCATALOG_COMPILER_APPICON_NAME = AppIcon;
				ASSETCATALOG_COMPILER_LAUNCHIMAGE_NAME = LaunchImage;
				CODE_SIGN_IDENTITY = "iPhone Developer";
				"CODE_SIGN_IDENTITY[sdk=iphoneos*]" = "iPhone Developer";
				GCC_PRECOMPILE_PREFIX_HEADER = YES;
				GCC_PREFIX_HEADER = "Get It Done/Get It Done-Prefix.pch";
				INFOPLIST_FILE = "Get It Done/Get It Done-Info.plist";
				IPHONEOS_DEPLOYMENT_TARGET = 7.0;
				PRODUCT_NAME = "$(TARGET_NAME)";
				PROVISIONING_PROFILE = "";
				TARGETED_DEVICE_FAMILY = 1;
				WRAPPER_EXTENSION = app;
			};
			name = Debug;
		};
		6BF5BF43189B645200B4EA9C /* Release */ = {
			isa = XCBuildConfiguration;
			buildSettings = {
				ASSETCATALOG_COMPILER_APPICON_NAME = AppIcon;
				ASSETCATALOG_COMPILER_LAUNCHIMAGE_NAME = LaunchImage;
				CODE_SIGN_IDENTITY = "iPhone Developer";
				"CODE_SIGN_IDENTITY[sdk=iphoneos*]" = "iPhone Developer";
				GCC_PRECOMPILE_PREFIX_HEADER = YES;
				GCC_PREFIX_HEADER = "Get It Done/Get It Done-Prefix.pch";
				INFOPLIST_FILE = "Get It Done/Get It Done-Info.plist";
				IPHONEOS_DEPLOYMENT_TARGET = 7.0;
				PRODUCT_NAME = "$(TARGET_NAME)";
				PROVISIONING_PROFILE = "";
				TARGETED_DEVICE_FAMILY = 1;
				WRAPPER_EXTENSION = app;
			};
			name = Release;
		};
		6BF5BF45189B645200B4EA9C /* Debug */ = {
			isa = XCBuildConfiguration;
			buildSettings = {
				ARCHS = "$(ARCHS_STANDARD_INCLUDING_64_BIT)";
				BUNDLE_LOADER = "$(BUILT_PRODUCTS_DIR)/Get It Done.app/Get It Done";
				FRAMEWORK_SEARCH_PATHS = (
					"$(SDKROOT)/Developer/Library/Frameworks",
					"$(inherited)",
					"$(DEVELOPER_FRAMEWORKS_DIR)",
				);
				GCC_PRECOMPILE_PREFIX_HEADER = YES;
				GCC_PREFIX_HEADER = "Get It Done/Get It Done-Prefix.pch";
				GCC_PREPROCESSOR_DEFINITIONS = (
					"DEBUG=1",
					"$(inherited)",
				);
				INFOPLIST_FILE = "Get It DoneTests/Get It DoneTests-Info.plist";
				PRODUCT_NAME = "$(TARGET_NAME)";
				TEST_HOST = "$(BUNDLE_LOADER)";
				WRAPPER_EXTENSION = xctest;
			};
			name = Debug;
		};
		6BF5BF46189B645200B4EA9C /* Release */ = {
			isa = XCBuildConfiguration;
			buildSettings = {
				ARCHS = "$(ARCHS_STANDARD_INCLUDING_64_BIT)";
				BUNDLE_LOADER = "$(BUILT_PRODUCTS_DIR)/Get It Done.app/Get It Done";
				FRAMEWORK_SEARCH_PATHS = (
					"$(SDKROOT)/Developer/Library/Frameworks",
					"$(inherited)",
					"$(DEVELOPER_FRAMEWORKS_DIR)",
				);
				GCC_PRECOMPILE_PREFIX_HEADER = YES;
				GCC_PREFIX_HEADER = "Get It Done/Get It Done-Prefix.pch";
				INFOPLIST_FILE = "Get It DoneTests/Get It DoneTests-Info.plist";
				PRODUCT_NAME = "$(TARGET_NAME)";
				TEST_HOST = "$(BUNDLE_LOADER)";
				WRAPPER_EXTENSION = xctest;
			};
			name = Release;
		};
/* End XCBuildConfiguration section */

/* Begin XCConfigurationList section */
		6BF5BF07189B645100B4EA9C /* Build configuration list for PBXProject "Get It Done" */ = {
			isa = XCConfigurationList;
			buildConfigurations = (
				6BF5BF3F189B645200B4EA9C /* Debug */,
				6BF5BF40189B645200B4EA9C /* Release */,
			);
			defaultConfigurationIsVisible = 0;
			defaultConfigurationName = Release;
		};
		6BF5BF41189B645200B4EA9C /* Build configuration list for PBXNativeTarget "Get It Done" */ = {
			isa = XCConfigurationList;
			buildConfigurations = (
				6BF5BF42189B645200B4EA9C /* Debug */,
				6BF5BF43189B645200B4EA9C /* Release */,
			);
			defaultConfigurationIsVisible = 0;
			defaultConfigurationName = Release;
		};
		6BF5BF44189B645200B4EA9C /* Build configuration list for PBXNativeTarget "Get It DoneTests" */ = {
			isa = XCConfigurationList;
			buildConfigurations = (
				6BF5BF45189B645200B4EA9C /* Debug */,
				6BF5BF46189B645200B4EA9C /* Release */,
			);
			defaultConfigurationIsVisible = 0;
			defaultConfigurationName = Release;
		};
/* End XCConfigurationList section */
	};
	rootObject = 6BF5BF04189B645100B4EA9C /* Project object */;
}
